// !$*UTF8*$!
{
	archiveVersion = 1;
	classes = {
	};
	objectVersion = 46;
	objects = {

/* Begin PBXBuildFile section */
		C0AA27A01A048DB1009BFF9B /* Foundation.framework in Frameworks */ = {isa = PBXBuildFile; fileRef = C0AA279F1A048DB1009BFF9B /* Foundation.framework */; };
		C0AA27A21A048DB1009BFF9B /* CoreGraphics.framework in Frameworks */ = {isa = PBXBuildFile; fileRef = C0AA27A11A048DB1009BFF9B /* CoreGraphics.framework */; };
		C0AA27A41A048DB1009BFF9B /* UIKit.framework in Frameworks */ = {isa = PBXBuildFile; fileRef = C0AA27A31A048DB1009BFF9B /* UIKit.framework */; };
		C0AA27AC1A048DB1009BFF9B /* main.m in Sources */ = {isa = PBXBuildFile; fileRef = C0AA27AB1A048DB1009BFF9B /* main.m */; };
		C0AA27B01A048DB1009BFF9B /* XYZAppDelegate.m in Sources */ = {isa = PBXBuildFile; fileRef = C0AA27AF1A048DB1009BFF9B /* XYZAppDelegate.m */; };
		C0AA27B61A048DB1009BFF9B /* XYZViewController.m in Sources */ = {isa = PBXBuildFile; fileRef = C0AA27B51A048DB1009BFF9B /* XYZViewController.m */; };
		C0AA27BF1A048DB1009BFF9B /* XCTest.framework in Frameworks */ = {isa = PBXBuildFile; fileRef = C0AA27BE1A048DB1009BFF9B /* XCTest.framework */; };
		C0AA27C01A048DB1009BFF9B /* Foundation.framework in Frameworks */ = {isa = PBXBuildFile; fileRef = C0AA279F1A048DB1009BFF9B /* Foundation.framework */; };
		C0AA27C11A048DB1009BFF9B /* UIKit.framework in Frameworks */ = {isa = PBXBuildFile; fileRef = C0AA27A31A048DB1009BFF9B /* UIKit.framework */; };
		C0AA27C91A048DB1009BFF9B /* InfoPlist.strings in Resources */ = {isa = PBXBuildFile; fileRef = C0AA27C71A048DB1009BFF9B /* InfoPlist.strings */; };
		C0AA27CB1A048DB1009BFF9B /* Ship_1Tests.m in Sources */ = {isa = PBXBuildFile; fileRef = C0AA27CA1A048DB1009BFF9B /* Ship_1Tests.m */; };
		C0AA28EB1A048E06009BFF9B /* Bolts.framework in Frameworks */ = {isa = PBXBuildFile; fileRef = C0AA27D51A048E05009BFF9B /* Bolts.framework */; };
		C0AA28EC1A048E06009BFF9B /* FacebookSDK.framework in Frameworks */ = {isa = PBXBuildFile; fileRef = C0AA27D61A048E05009BFF9B /* FacebookSDK.framework */; };
		C0AA28ED1A048E06009BFF9B /* FBAudienceNetwork.framework in Frameworks */ = {isa = PBXBuildFile; fileRef = C0AA27D81A048E05009BFF9B /* FBAudienceNetwork.framework */; };
		C0AA28F01A048E06009BFF9B /* AppDelegate.m in Sources */ = {isa = PBXBuildFile; fileRef = C0AA27E01A048E05009BFF9B /* AppDelegate.m */; };
		C0AA28F61A048E06009BFF9B /* main.m in Sources */ = {isa = PBXBuildFile; fileRef = C0AA27E61A048E05009BFF9B /* main.m */; };
		C0AA28F71A048E06009BFF9B /* ViewController.m in Sources */ = {isa = PBXBuildFile; fileRef = C0AA27E81A048E05009BFF9B /* ViewController.m */; };
		C0AA28FA1A048E06009BFF9B /* AppDelegate.m in Sources */ = {isa = PBXBuildFile; fileRef = C0AA27F11A048E05009BFF9B /* AppDelegate.m */; };
		C0AA28FD1A048E06009BFF9B /* main.m in Sources */ = {isa = PBXBuildFile; fileRef = C0AA27F41A048E05009BFF9B /* main.m */; };
		C0AA28FE1A048E06009BFF9B /* NativeAdCell.m in Sources */ = {isa = PBXBuildFile; fileRef = C0AA27F61A048E05009BFF9B /* NativeAdCell.m */; };
		C0AA29011A048E06009BFF9B /* TableViewController.m in Sources */ = {isa = PBXBuildFile; fileRef = C0AA27FB1A048E05009BFF9B /* TableViewController.m */; };
		C0AA29031A048E06009BFF9B /* ViewController.m in Sources */ = {isa = PBXBuildFile; fileRef = C0AA27FE1A048E05009BFF9B /* ViewController.m */; };
		C0AA29121A048E06009BFF9B /* FPAppDelegate.m in Sources */ = {isa = PBXBuildFile; fileRef = C0AA28181A048E05009BFF9B /* FPAppDelegate.m */; };
		C0AA29131A048E06009BFF9B /* FPViewController.m in Sources */ = {isa = PBXBuildFile; fileRef = C0AA281A1A048E05009BFF9B /* FPViewController.m */; };
		C0AA29191A048E06009BFF9B /* main.m in Sources */ = {isa = PBXBuildFile; fileRef = C0AA28211A048E05009BFF9B /* main.m */; };
		C0AA29221A048E06009BFF9B /* HFAppDelegate.m in Sources */ = {isa = PBXBuildFile; fileRef = C0AA28341A048E05009BFF9B /* HFAppDelegate.m */; };
		C0AA29231A048E06009BFF9B /* HFViewController.m in Sources */ = {isa = PBXBuildFile; fileRef = C0AA28361A048E05009BFF9B /* HFViewController.m */; };
		C0AA29281A048E06009BFF9B /* main.m in Sources */ = {isa = PBXBuildFile; fileRef = C0AA283B1A048E05009BFF9B /* main.m */; };
		C0AA29341A048E06009BFF9B /* main.m in Sources */ = {isa = PBXBuildFile; fileRef = C0AA284F1A048E05009BFF9B /* main.m */; };
		C0AA29361A048E06009BFF9B /* PPAppDelegate.m in Sources */ = {isa = PBXBuildFile; fileRef = C0AA28531A048E05009BFF9B /* PPAppDelegate.m */; };
		C0AA29371A048E06009BFF9B /* PPViewController.m in Sources */ = {isa = PBXBuildFile; fileRef = C0AA28551A048E05009BFF9B /* PPViewController.m */; };
		C0AA294E1A048E06009BFF9B /* main.m in Sources */ = {isa = PBXBuildFile; fileRef = C0AA28761A048E05009BFF9B /* main.m */; };
		C0AA29551A048E06009BFF9B /* RPSAppDelegate.m in Sources */ = {isa = PBXBuildFile; fileRef = C0AA287F1A048E05009BFF9B /* RPSAppDelegate.m */; };
		C0AA29561A048E06009BFF9B /* RPSCommonObjects.m in Sources */ = {isa = PBXBuildFile; fileRef = C0AA28811A048E05009BFF9B /* RPSCommonObjects.m */; };
		C0AA29571A048E06009BFF9B /* RPSDeeplyLinkedViewController.m in Sources */ = {isa = PBXBuildFile; fileRef = C0AA28831A048E05009BFF9B /* RPSDeeplyLinkedViewController.m */; };
		C0AA29591A048E06009BFF9B /* RPSFriendsViewController.m in Sources */ = {isa = PBXBuildFile; fileRef = C0AA28861A048E05009BFF9B /* RPSFriendsViewController.m */; };
		C0AA295A1A048E06009BFF9B /* RPSGameViewController.m in Sources */ = {isa = PBXBuildFile; fileRef = C0AA28881A048E05009BFF9B /* RPSGameViewController.m */; };
		C0AA29611A048E06009BFF9B /* main.m in Sources */ = {isa = PBXBuildFile; fileRef = C0AA28981A048E05009BFF9B /* main.m */; };
		C0AA29621A048E06009BFF9B /* SCAppDelegate.m in Sources */ = {isa = PBXBuildFile; fileRef = C0AA289A1A048E05009BFF9B /* SCAppDelegate.m */; };
		C0AA29631A048E06009BFF9B /* SCErrorHandler.m in Sources */ = {isa = PBXBuildFile; fileRef = C0AA289C1A048E05009BFF9B /* SCErrorHandler.m */; };
		C0AA29641A048E06009BFF9B /* SCImagePicker.m in Sources */ = {isa = PBXBuildFile; fileRef = C0AA289E1A048E05009BFF9B /* SCImagePicker.m */; };
		C0AA29651A048E06009BFF9B /* SCLoginViewController.m in Sources */ = {isa = PBXBuildFile; fileRef = C0AA28A01A048E05009BFF9B /* SCLoginViewController.m */; };
		C0AA29671A048E06009BFF9B /* SCMainViewController.m in Sources */ = {isa = PBXBuildFile; fileRef = C0AA28A31A048E05009BFF9B /* SCMainViewController.m */; };
		C0AA29681A048E06009BFF9B /* SCMealPicker.m in Sources */ = {isa = PBXBuildFile; fileRef = C0AA28A51A048E05009BFF9B /* SCMealPicker.m */; };
		C0AA29691A048E06009BFF9B /* SCProfilePictureButton.m in Sources */ = {isa = PBXBuildFile; fileRef = C0AA28A71A048E05009BFF9B /* SCProfilePictureButton.m */; };
		C0AA296B1A048E06009BFF9B /* SCSettings.m in Sources */ = {isa = PBXBuildFile; fileRef = C0AA28AC1A048E05009BFF9B /* SCSettings.m */; };
		C0AA296C1A048E06009BFF9B /* SCShareUtility.m in Sources */ = {isa = PBXBuildFile; fileRef = C0AA28AE1A048E05009BFF9B /* SCShareUtility.m */; };
		C0AA29701A048E06009BFF9B /* main.m in Sources */ = {isa = PBXBuildFile; fileRef = C0AA28B91A048E05009BFF9B /* main.m */; };
		C0AA29721A048E06009BFF9B /* SIAppDelegate.m in Sources */ = {isa = PBXBuildFile; fileRef = C0AA28BD1A048E05009BFF9B /* SIAppDelegate.m */; };
		C0AA29731A048E06009BFF9B /* SIMainView.m in Sources */ = {isa = PBXBuildFile; fileRef = C0AA28BF1A048E05009BFF9B /* SIMainView.m */; };
		C0AA29741A048E06009BFF9B /* SIMainViewController.m in Sources */ = {isa = PBXBuildFile; fileRef = C0AA28C11A048E05009BFF9B /* SIMainViewController.m */; };
		C0AA29751A048E06009BFF9B /* SIPhoto.m in Sources */ = {isa = PBXBuildFile; fileRef = C0AA28C31A048E05009BFF9B /* SIPhoto.m */; };
		C0AA29811A048E06009BFF9B /* main.m in Sources */ = {isa = PBXBuildFile; fileRef = C0AA28D51A048E05009BFF9B /* main.m */; };
		C0AA29841A048E06009BFF9B /* SUAppDelegate.m in Sources */ = {isa = PBXBuildFile; fileRef = C0AA28D91A048E05009BFF9B /* SUAppDelegate.m */; };
		C0AA29851A048E06009BFF9B /* SUProfileTableViewCell.m in Sources */ = {isa = PBXBuildFile; fileRef = C0AA28DB1A048E05009BFF9B /* SUProfileTableViewCell.m */; };
		C0AA29861A048E06009BFF9B /* SUSettingsViewController.m in Sources */ = {isa = PBXBuildFile; fileRef = C0AA28DD1A048E05009BFF9B /* SUSettingsViewController.m */; };
		C0AA29891A048E06009BFF9B /* SUUserManager.m in Sources */ = {isa = PBXBuildFile; fileRef = C0AA28E11A048E05009BFF9B /* SUUserManager.m */; };
		C0AA298A1A048E06009BFF9B /* SUUsingViewController.m in Sources */ = {isa = PBXBuildFile; fileRef = C0AA28E31A048E05009BFF9B /* SUUsingViewController.m */; };
/* End PBXBuildFile section */

/* Begin PBXContainerItemProxy section */
		C0AA27C21A048DB1009BFF9B /* PBXContainerItemProxy */ = {
			isa = PBXContainerItemProxy;
			containerPortal = C0AA27941A048DB1009BFF9B /* Project object */;
			proxyType = 1;
			remoteGlobalIDString = C0AA279B1A048DB1009BFF9B;
			remoteInfo = Ship_1;
		};
		C0AA298F1A048E06009BFF9B /* PBXContainerItemProxy */ = {
			isa = PBXContainerItemProxy;
			containerPortal = C0AA27EA1A048E05009BFF9B /* AdUnitsSample.xcodeproj */;
			proxyType = 2;
			remoteGlobalIDString = 58D92C4418C750E10090E7E2;
			remoteInfo = AdUnitsSample;
		};
		C0AA29921A048E06009BFF9B /* PBXContainerItemProxy */ = {
			isa = PBXContainerItemProxy;
			containerPortal = C0AA28221A048E05009BFF9B /* FriendPickerSample.xcodeproj */;
			proxyType = 2;
			remoteGlobalIDString = E2D6B80E15413A570050835F;
			remoteInfo = FriendPickerSample;
		};
		C0AA29951A048E06009BFF9B /* PBXContainerItemProxy */ = {
			isa = PBXContainerItemProxy;
			containerPortal = C0AA283C1A048E05009BFF9B /* HelloFacebookSample.xcodeproj */;
			proxyType = 2;
			remoteGlobalIDString = 5F6AF1891532A37B00DDBD75;
			remoteInfo = HelloFacebookSample;
		};
		C0AA29981A048E06009BFF9B /* PBXContainerItemProxy */ = {
			isa = PBXContainerItemProxy;
			containerPortal = C0AA28001A048E05009BFF9B /* NativeAdSample.xcodeproj */;
			proxyType = 2;
			remoteGlobalIDString = 58D92D1E18C7A6100090E7E2;
			remoteInfo = NativeAdSample;
		};
		C0AA299B1A048E06009BFF9B /* PBXContainerItemProxy */ = {
			isa = PBXContainerItemProxy;
			containerPortal = C0AA28561A048E05009BFF9B /* PlacePickerSample.xcodeproj */;
			proxyType = 2;
			remoteGlobalIDString = B9AF4BA4152E43EE00E9BA6C;
			remoteInfo = PlacePickerSample;
		};
		C0AA299E1A048E06009BFF9B /* PBXContainerItemProxy */ = {
			isa = PBXContainerItemProxy;
			containerPortal = C0AA288B1A048E05009BFF9B /* RPSSample.xcodeproj */;
			proxyType = 2;
			remoteGlobalIDString = 84070D161540AA2B00E39703;
			remoteInfo = RPSSample;
		};
		C0AA29A11A048E06009BFF9B /* PBXContainerItemProxy */ = {
			isa = PBXContainerItemProxy;
			containerPortal = C0AA28AF1A048E05009BFF9B /* Scrumptious.xcodeproj */;
			proxyType = 2;
			remoteGlobalIDString = B9CD0A6F150EA4DD00560A93;
			remoteInfo = Scrumptious;
		};
		C0AA29A41A048E06009BFF9B /* PBXContainerItemProxy */ = {
			isa = PBXContainerItemProxy;
			containerPortal = C0AA28C41A048E05009BFF9B /* ShareIt.xcodeproj */;
			proxyType = 2;
			remoteGlobalIDString = 89344A611909A28B0072DAC4;
			remoteInfo = ShareIt;
		};
		C0AA29A71A048E06009BFF9B /* PBXContainerItemProxy */ = {
			isa = PBXContainerItemProxy;
			containerPortal = C0AA28E81A048E06009BFF9B /* SwitchUserSample.xcodeproj */;
			proxyType = 2;
			remoteGlobalIDString = 856DB049153393C3006F6A33;
			remoteInfo = SwitchUserSample;
		};
/* End PBXContainerItemProxy section */

/* Begin PBXFileReference section */
		C0AA279C1A048DB1009BFF9B /* Ship_1.app */ = {isa = PBXFileReference; explicitFileType = wrapper.application; includeInIndex = 0; path = Ship_1.app; sourceTree = BUILT_PRODUCTS_DIR; };
		C0AA279F1A048DB1009BFF9B /* Foundation.framework */ = {isa = PBXFileReference; lastKnownFileType = wrapper.framework; name = Foundation.framework; path = System/Library/Frameworks/Foundation.framework; sourceTree = SDKROOT; };
		C0AA27A11A048DB1009BFF9B /* CoreGraphics.framework */ = {isa = PBXFileReference; lastKnownFileType = wrapper.framework; name = CoreGraphics.framework; path = System/Library/Frameworks/CoreGraphics.framework; sourceTree = SDKROOT; };
		C0AA27A31A048DB1009BFF9B /* UIKit.framework */ = {isa = PBXFileReference; lastKnownFileType = wrapper.framework; name = UIKit.framework; path = System/Library/Frameworks/UIKit.framework; sourceTree = SDKROOT; };
		C0AA27A71A048DB1009BFF9B /* Ship_1-Info.plist */ = {isa = PBXFileReference; lastKnownFileType = text.plist.xml; path = "Ship_1-Info.plist"; sourceTree = "<group>"; };
		C0AA27A91A048DB1009BFF9B /* en */ = {isa = PBXFileReference; lastKnownFileType = text.plist.strings; name = en; path = en.lproj/InfoPlist.strings; sourceTree = "<group>"; };
		C0AA27AB1A048DB1009BFF9B /* main.m */ = {isa = PBXFileReference; lastKnownFileType = sourcecode.c.objc; path = main.m; sourceTree = "<group>"; };
		C0AA27AD1A048DB1009BFF9B /* Ship_1-Prefix.pch */ = {isa = PBXFileReference; lastKnownFileType = sourcecode.c.h; path = "Ship_1-Prefix.pch"; sourceTree = "<group>"; };
		C0AA27AE1A048DB1009BFF9B /* XYZAppDelegate.h */ = {isa = PBXFileReference; lastKnownFileType = sourcecode.c.h; path = XYZAppDelegate.h; sourceTree = "<group>"; };
		C0AA27AF1A048DB1009BFF9B /* XYZAppDelegate.m */ = {isa = PBXFileReference; lastKnownFileType = sourcecode.c.objc; path = XYZAppDelegate.m; sourceTree = "<group>"; };
		C0AA27B21A048DB1009BFF9B /* Base */ = {isa = PBXFileReference; lastKnownFileType = file.storyboard; name = Base; path = Base.lproj/Main.storyboard; sourceTree = "<group>"; };
		C0AA27B41A048DB1009BFF9B /* XYZViewController.h */ = {isa = PBXFileReference; lastKnownFileType = sourcecode.c.h; path = XYZViewController.h; sourceTree = "<group>"; };
		C0AA27B51A048DB1009BFF9B /* XYZViewController.m */ = {isa = PBXFileReference; lastKnownFileType = sourcecode.c.objc; path = XYZViewController.m; sourceTree = "<group>"; };
		C0AA27B71A048DB1009BFF9B /* Images.xcassets */ = {isa = PBXFileReference; lastKnownFileType = folder.assetcatalog; path = Images.xcassets; sourceTree = "<group>"; };
		C0AA27BD1A048DB1009BFF9B /* Ship_1Tests.xctest */ = {isa = PBXFileReference; explicitFileType = wrapper.cfbundle; includeInIndex = 0; path = Ship_1Tests.xctest; sourceTree = BUILT_PRODUCTS_DIR; };
		C0AA27BE1A048DB1009BFF9B /* XCTest.framework */ = {isa = PBXFileReference; lastKnownFileType = wrapper.framework; name = XCTest.framework; path = Library/Frameworks/XCTest.framework; sourceTree = DEVELOPER_DIR; };
		C0AA27C61A048DB1009BFF9B /* Ship_1Tests-Info.plist */ = {isa = PBXFileReference; lastKnownFileType = text.plist.xml; path = "Ship_1Tests-Info.plist"; sourceTree = "<group>"; };
		C0AA27C81A048DB1009BFF9B /* en */ = {isa = PBXFileReference; lastKnownFileType = text.plist.strings; name = en; path = en.lproj/InfoPlist.strings; sourceTree = "<group>"; };
		C0AA27CA1A048DB1009BFF9B /* Ship_1Tests.m */ = {isa = PBXFileReference; lastKnownFileType = sourcecode.c.objc; path = Ship_1Tests.m; sourceTree = "<group>"; };
		C0AA27D51A048E05009BFF9B /* Bolts.framework */ = {isa = PBXFileReference; lastKnownFileType = wrapper.framework; path = Bolts.framework; sourceTree = "<group>"; };
		C0AA27D61A048E05009BFF9B /* FacebookSDK.framework */ = {isa = PBXFileReference; lastKnownFileType = wrapper.framework; path = FacebookSDK.framework; sourceTree = "<group>"; };
		C0AA27D81A048E05009BFF9B /* FBAudienceNetwork.framework */ = {isa = PBXFileReference; lastKnownFileType = wrapper.framework; path = FBAudienceNetwork.framework; sourceTree = "<group>"; };
		C0AA27D91A048E05009BFF9B /* README.txt */ = {isa = PBXFileReference; fileEncoding = 4; lastKnownFileType = text; path = README.txt; sourceTree = "<group>"; };
		C0AA27DD1A048E05009BFF9B /* AdUnitsSample-Info.plist */ = {isa = PBXFileReference; fileEncoding = 4; lastKnownFileType = text.plist.xml; path = "AdUnitsSample-Info.plist"; sourceTree = "<group>"; };
		C0AA27DE1A048E05009BFF9B /* AdUnitsSample-Prefix.pch */ = {isa = PBXFileReference; fileEncoding = 4; lastKnownFileType = sourcecode.c.h; path = "AdUnitsSample-Prefix.pch"; sourceTree = "<group>"; };
		C0AA27DF1A048E05009BFF9B /* AppDelegate.h */ = {isa = PBXFileReference; fileEncoding = 4; lastKnownFileType = sourcecode.c.h; path = AppDelegate.h; sourceTree = "<group>"; };
		C0AA27E01A048E05009BFF9B /* AppDelegate.m */ = {isa = PBXFileReference; fileEncoding = 4; lastKnownFileType = sourcecode.c.objc; path = AppDelegate.m; sourceTree = "<group>"; };
		C0AA27E11A048E05009BFF9B /* Default-568h@2x.png */ = {isa = PBXFileReference; lastKnownFileType = image.png; path = "Default-568h@2x.png"; sourceTree = "<group>"; };
		C0AA27E21A048E05009BFF9B /* Default.png */ = {isa = PBXFileReference; lastKnownFileType = image.png; path = Default.png; sourceTree = "<group>"; };
		C0AA27E31A048E05009BFF9B /* Default@2x.png */ = {isa = PBXFileReference; lastKnownFileType = image.png; path = "Default@2x.png"; sourceTree = "<group>"; };
		C0AA27E41A048E05009BFF9B /* Images.xcassets */ = {isa = PBXFileReference; lastKnownFileType = folder.assetcatalog; path = Images.xcassets; sourceTree = "<group>"; };
		C0AA27E51A048E05009BFF9B /* InfoPlist.strings */ = {isa = PBXFileReference; fileEncoding = 4; lastKnownFileType = text.plist.strings; path = InfoPlist.strings; sourceTree = "<group>"; };
		C0AA27E61A048E05009BFF9B /* main.m */ = {isa = PBXFileReference; fileEncoding = 4; lastKnownFileType = sourcecode.c.objc; path = main.m; sourceTree = "<group>"; };
		C0AA27E71A048E05009BFF9B /* ViewController.h */ = {isa = PBXFileReference; fileEncoding = 4; lastKnownFileType = sourcecode.c.h; path = ViewController.h; sourceTree = "<group>"; };
		C0AA27E81A048E05009BFF9B /* ViewController.m */ = {isa = PBXFileReference; fileEncoding = 4; lastKnownFileType = sourcecode.c.objc; path = ViewController.m; sourceTree = "<group>"; };
		C0AA27E91A048E05009BFF9B /* ViewController.xib */ = {isa = PBXFileReference; fileEncoding = 4; lastKnownFileType = file.xib; path = ViewController.xib; sourceTree = "<group>"; };
		C0AA27EA1A048E05009BFF9B /* AdUnitsSample.xcodeproj */ = {isa = PBXFileReference; lastKnownFileType = "wrapper.pb-project"; path = AdUnitsSample.xcodeproj; sourceTree = "<group>"; };
		C0AA27ED1A048E05009BFF9B /* ReadMe.txt */ = {isa = PBXFileReference; fileEncoding = 4; lastKnownFileType = text; path = ReadMe.txt; sourceTree = "<group>"; };
		C0AA27F01A048E05009BFF9B /* AppDelegate.h */ = {isa = PBXFileReference; fileEncoding = 4; lastKnownFileType = sourcecode.c.h; path = AppDelegate.h; sourceTree = "<group>"; };
		C0AA27F11A048E05009BFF9B /* AppDelegate.m */ = {isa = PBXFileReference; fileEncoding = 4; lastKnownFileType = sourcecode.c.objc; path = AppDelegate.m; sourceTree = "<group>"; };
		C0AA27F21A048E05009BFF9B /* Images.xcassets */ = {isa = PBXFileReference; lastKnownFileType = folder.assetcatalog; path = Images.xcassets; sourceTree = "<group>"; };
		C0AA27F31A048E05009BFF9B /* InfoPlist.strings */ = {isa = PBXFileReference; fileEncoding = 4; lastKnownFileType = text.plist.strings; path = InfoPlist.strings; sourceTree = "<group>"; };
		C0AA27F41A048E05009BFF9B /* main.m */ = {isa = PBXFileReference; fileEncoding = 4; lastKnownFileType = sourcecode.c.objc; path = main.m; sourceTree = "<group>"; };
		C0AA27F51A048E05009BFF9B /* NativeAdCell.h */ = {isa = PBXFileReference; fileEncoding = 4; lastKnownFileType = sourcecode.c.h; path = NativeAdCell.h; sourceTree = "<group>"; };
		C0AA27F61A048E05009BFF9B /* NativeAdCell.m */ = {isa = PBXFileReference; fileEncoding = 4; lastKnownFileType = sourcecode.c.objc; path = NativeAdCell.m; sourceTree = "<group>"; };
		C0AA27F71A048E05009BFF9B /* NativeAdCell.xib */ = {isa = PBXFileReference; fileEncoding = 4; lastKnownFileType = file.xib; path = NativeAdCell.xib; sourceTree = "<group>"; };
		C0AA27F81A048E05009BFF9B /* NativeAdSample-Info.plist */ = {isa = PBXFileReference; fileEncoding = 4; lastKnownFileType = text.plist.xml; path = "NativeAdSample-Info.plist"; sourceTree = "<group>"; };
		C0AA27F91A048E05009BFF9B /* NativeAdSample-Prefix.pch */ = {isa = PBXFileReference; fileEncoding = 4; lastKnownFileType = sourcecode.c.h; path = "NativeAdSample-Prefix.pch"; sourceTree = "<group>"; };
		C0AA27FA1A048E05009BFF9B /* TableViewController.h */ = {isa = PBXFileReference; fileEncoding = 4; lastKnownFileType = sourcecode.c.h; path = TableViewController.h; sourceTree = "<group>"; };
		C0AA27FB1A048E05009BFF9B /* TableViewController.m */ = {isa = PBXFileReference; fileEncoding = 4; lastKnownFileType = sourcecode.c.objc; path = TableViewController.m; sourceTree = "<group>"; };
		C0AA27FC1A048E05009BFF9B /* TableViewController.xib */ = {isa = PBXFileReference; fileEncoding = 4; lastKnownFileType = file.xib; path = TableViewController.xib; sourceTree = "<group>"; };
		C0AA27FD1A048E05009BFF9B /* ViewController.h */ = {isa = PBXFileReference; fileEncoding = 4; lastKnownFileType = sourcecode.c.h; path = ViewController.h; sourceTree = "<group>"; };
		C0AA27FE1A048E05009BFF9B /* ViewController.m */ = {isa = PBXFileReference; fileEncoding = 4; lastKnownFileType = sourcecode.c.objc; path = ViewController.m; sourceTree = "<group>"; };
		C0AA27FF1A048E05009BFF9B /* ViewController.xib */ = {isa = PBXFileReference; fileEncoding = 4; lastKnownFileType = file.xib; path = ViewController.xib; sourceTree = "<group>"; };
		C0AA28001A048E05009BFF9B /* NativeAdSample.xcodeproj */ = {isa = PBXFileReference; lastKnownFileType = "wrapper.pb-project"; path = NativeAdSample.xcodeproj; sourceTree = "<group>"; };
		C0AA28031A048E05009BFF9B /* ReadMe.txt */ = {isa = PBXFileReference; fileEncoding = 4; lastKnownFileType = text; path = ReadMe.txt; sourceTree = "<group>"; };
		C0AA28041A048E05009BFF9B /* LICENSE */ = {isa = PBXFileReference; fileEncoding = 4; lastKnownFileType = text; path = LICENSE; sourceTree = "<group>"; };
		C0AA28051A048E05009BFF9B /* README.txt */ = {isa = PBXFileReference; fileEncoding = 4; lastKnownFileType = text; path = README.txt; sourceTree = "<group>"; };
		C0AA28081A048E05009BFF9B /* Application.xcconfig */ = {isa = PBXFileReference; fileEncoding = 4; lastKnownFileType = text.xcconfig; path = Application.xcconfig; sourceTree = "<group>"; };
		C0AA28091A048E05009BFF9B /* Project-Debug.xcconfig */ = {isa = PBXFileReference; fileEncoding = 4; lastKnownFileType = text.xcconfig; path = "Project-Debug.xcconfig"; sourceTree = "<group>"; };
		C0AA280A1A048E05009BFF9B /* Project-Release.xcconfig */ = {isa = PBXFileReference; fileEncoding = 4; lastKnownFileType = text.xcconfig; path = "Project-Release.xcconfig"; sourceTree = "<group>"; };
		C0AA280B1A048E05009BFF9B /* Project.xcconfig */ = {isa = PBXFileReference; fileEncoding = 4; lastKnownFileType = text.xcconfig; path = Project.xcconfig; sourceTree = "<group>"; };
		C0AA280E1A048E05009BFF9B /* Default-568h@2x.png */ = {isa = PBXFileReference; lastKnownFileType = image.png; path = "Default-568h@2x.png"; sourceTree = "<group>"; };
		C0AA280F1A048E05009BFF9B /* Default.png */ = {isa = PBXFileReference; lastKnownFileType = image.png; path = Default.png; sourceTree = "<group>"; };
		C0AA28101A048E05009BFF9B /* Default@2x.png */ = {isa = PBXFileReference; lastKnownFileType = image.png; path = "Default@2x.png"; sourceTree = "<group>"; };
		C0AA28121A048E05009BFF9B /* en */ = {isa = PBXFileReference; lastKnownFileType = file.xib; name = en; path = en.lproj/FPViewController_iPad.xib; sourceTree = "<group>"; };
		C0AA28141A048E05009BFF9B /* en */ = {isa = PBXFileReference; lastKnownFileType = file.xib; name = en; path = en.lproj/FPViewController_iPhone.xib; sourceTree = "<group>"; };
		C0AA28161A048E05009BFF9B /* en */ = {isa = PBXFileReference; lastKnownFileType = text.plist.strings; name = en; path = en.lproj/InfoPlist.strings; sourceTree = "<group>"; };
		C0AA28171A048E05009BFF9B /* FPAppDelegate.h */ = {isa = PBXFileReference; fileEncoding = 4; lastKnownFileType = sourcecode.c.h; path = FPAppDelegate.h; sourceTree = "<group>"; };
		C0AA28181A048E05009BFF9B /* FPAppDelegate.m */ = {isa = PBXFileReference; fileEncoding = 4; lastKnownFileType = sourcecode.c.objc; path = FPAppDelegate.m; sourceTree = "<group>"; };
		C0AA28191A048E05009BFF9B /* FPViewController.h */ = {isa = PBXFileReference; fileEncoding = 4; lastKnownFileType = sourcecode.c.h; path = FPViewController.h; sourceTree = "<group>"; };
		C0AA281A1A048E05009BFF9B /* FPViewController.m */ = {isa = PBXFileReference; fileEncoding = 4; lastKnownFileType = sourcecode.c.objc; path = FPViewController.m; sourceTree = "<group>"; };
		C0AA281B1A048E05009BFF9B /* FriendPickerSample-Info.plist */ = {isa = PBXFileReference; fileEncoding = 4; lastKnownFileType = text.plist.xml; path = "FriendPickerSample-Info.plist"; sourceTree = "<group>"; };
		C0AA281C1A048E05009BFF9B /* FriendPickerSample-Prefix.pch */ = {isa = PBXFileReference; fileEncoding = 4; lastKnownFileType = sourcecode.c.h; path = "FriendPickerSample-Prefix.pch"; sourceTree = "<group>"; };
		C0AA281D1A048E05009BFF9B /* Icon-72.png */ = {isa = PBXFileReference; lastKnownFileType = image.png; path = "Icon-72.png"; sourceTree = "<group>"; };
		C0AA281E1A048E05009BFF9B /* Icon-72@2x.png */ = {isa = PBXFileReference; lastKnownFileType = image.png; path = "Icon-72@2x.png"; sourceTree = "<group>"; };
		C0AA281F1A048E05009BFF9B /* Icon.png */ = {isa = PBXFileReference; lastKnownFileType = image.png; path = Icon.png; sourceTree = "<group>"; };
		C0AA28201A048E05009BFF9B /* Icon@2x.png */ = {isa = PBXFileReference; lastKnownFileType = image.png; path = "Icon@2x.png"; sourceTree = "<group>"; };
		C0AA28211A048E05009BFF9B /* main.m */ = {isa = PBXFileReference; fileEncoding = 4; lastKnownFileType = sourcecode.c.objc; path = main.m; sourceTree = "<group>"; };
		C0AA28221A048E05009BFF9B /* FriendPickerSample.xcodeproj */ = {isa = PBXFileReference; lastKnownFileType = "wrapper.pb-project"; path = FriendPickerSample.xcodeproj; sourceTree = "<group>"; };
		C0AA28251A048E05009BFF9B /* ReadMe.txt */ = {isa = PBXFileReference; fileEncoding = 4; lastKnownFileType = text; path = ReadMe.txt; sourceTree = "<group>"; };
		C0AA28281A048E05009BFF9B /* Default-568h@2x.png */ = {isa = PBXFileReference; lastKnownFileType = image.png; path = "Default-568h@2x.png"; sourceTree = "<group>"; };
		C0AA28291A048E05009BFF9B /* Default.png */ = {isa = PBXFileReference; lastKnownFileType = image.png; path = Default.png; sourceTree = "<group>"; };
		C0AA282A1A048E05009BFF9B /* Default@2x.png */ = {isa = PBXFileReference; lastKnownFileType = image.png; path = "Default@2x.png"; sourceTree = "<group>"; };
		C0AA282C1A048E05009BFF9B /* en */ = {isa = PBXFileReference; lastKnownFileType = file.xib; name = en; path = en.lproj/HFViewController_iPad.xib; sourceTree = "<group>"; };
		C0AA282E1A048E05009BFF9B /* en */ = {isa = PBXFileReference; lastKnownFileType = file.xib; name = en; path = en.lproj/HFViewController_iPhone.xib; sourceTree = "<group>"; };
		C0AA28301A048E05009BFF9B /* en */ = {isa = PBXFileReference; lastKnownFileType = text.plist.strings; name = en; path = en.lproj/InfoPlist.strings; sourceTree = "<group>"; };
		C0AA28311A048E05009BFF9B /* HelloFacebookSample-Info.plist */ = {isa = PBXFileReference; fileEncoding = 4; lastKnownFileType = text.plist.xml; path = "HelloFacebookSample-Info.plist"; sourceTree = "<group>"; };
		C0AA28321A048E05009BFF9B /* HelloFacebookSample-Prefix.pch */ = {isa = PBXFileReference; fileEncoding = 4; lastKnownFileType = sourcecode.c.h; path = "HelloFacebookSample-Prefix.pch"; sourceTree = "<group>"; };
		C0AA28331A048E05009BFF9B /* HFAppDelegate.h */ = {isa = PBXFileReference; fileEncoding = 4; lastKnownFileType = sourcecode.c.h; path = HFAppDelegate.h; sourceTree = "<group>"; };
		C0AA28341A048E05009BFF9B /* HFAppDelegate.m */ = {isa = PBXFileReference; fileEncoding = 4; lastKnownFileType = sourcecode.c.objc; path = HFAppDelegate.m; sourceTree = "<group>"; };
		C0AA28351A048E05009BFF9B /* HFViewController.h */ = {isa = PBXFileReference; fileEncoding = 4; lastKnownFileType = sourcecode.c.h; path = HFViewController.h; sourceTree = "<group>"; };
		C0AA28361A048E05009BFF9B /* HFViewController.m */ = {isa = PBXFileReference; fileEncoding = 4; lastKnownFileType = sourcecode.c.objc; path = HFViewController.m; sourceTree = "<group>"; };
		C0AA28371A048E05009BFF9B /* Icon-72.png */ = {isa = PBXFileReference; lastKnownFileType = image.png; path = "Icon-72.png"; sourceTree = "<group>"; };
		C0AA28381A048E05009BFF9B /* Icon-72@2x.png */ = {isa = PBXFileReference; lastKnownFileType = image.png; path = "Icon-72@2x.png"; sourceTree = "<group>"; };
		C0AA28391A048E05009BFF9B /* Icon.png */ = {isa = PBXFileReference; lastKnownFileType = image.png; path = Icon.png; sourceTree = "<group>"; };
		C0AA283A1A048E05009BFF9B /* Icon@2x.png */ = {isa = PBXFileReference; lastKnownFileType = image.png; path = "Icon@2x.png"; sourceTree = "<group>"; };
		C0AA283B1A048E05009BFF9B /* main.m */ = {isa = PBXFileReference; fileEncoding = 4; lastKnownFileType = sourcecode.c.objc; path = main.m; sourceTree = "<group>"; };
		C0AA283C1A048E05009BFF9B /* HelloFacebookSample.xcodeproj */ = {isa = PBXFileReference; lastKnownFileType = "wrapper.pb-project"; path = HelloFacebookSample.xcodeproj; sourceTree = "<group>"; };
		C0AA283F1A048E05009BFF9B /* ReadMe.txt */ = {isa = PBXFileReference; fileEncoding = 4; lastKnownFileType = text; path = ReadMe.txt; sourceTree = "<group>"; };
		C0AA28421A048E05009BFF9B /* Default-568h@2x.png */ = {isa = PBXFileReference; lastKnownFileType = image.png; path = "Default-568h@2x.png"; sourceTree = "<group>"; };
		C0AA28431A048E05009BFF9B /* Default.png */ = {isa = PBXFileReference; lastKnownFileType = image.png; path = Default.png; sourceTree = "<group>"; };
		C0AA28441A048E05009BFF9B /* Default@2x.png */ = {isa = PBXFileReference; lastKnownFileType = image.png; path = "Default@2x.png"; sourceTree = "<group>"; };
		C0AA28461A048E05009BFF9B /* en */ = {isa = PBXFileReference; lastKnownFileType = text.plist.strings; name = en; path = en.lproj/InfoPlist.strings; sourceTree = "<group>"; };
		C0AA28481A048E05009BFF9B /* en */ = {isa = PBXFileReference; lastKnownFileType = file.xib; name = en; path = en.lproj/PPViewController_iPad.xib; sourceTree = "<group>"; };
		C0AA284A1A048E05009BFF9B /* en */ = {isa = PBXFileReference; lastKnownFileType = file.xib; name = en; path = en.lproj/PPViewController_iPhone.xib; sourceTree = "<group>"; };
		C0AA284B1A048E05009BFF9B /* Icon-72.png */ = {isa = PBXFileReference; lastKnownFileType = image.png; path = "Icon-72.png"; sourceTree = "<group>"; };
		C0AA284C1A048E05009BFF9B /* Icon-72@2x.png */ = {isa = PBXFileReference; lastKnownFileType = image.png; path = "Icon-72@2x.png"; sourceTree = "<group>"; };
		C0AA284D1A048E05009BFF9B /* Icon.png */ = {isa = PBXFileReference; lastKnownFileType = image.png; path = Icon.png; sourceTree = "<group>"; };
		C0AA284E1A048E05009BFF9B /* Icon@2x.png */ = {isa = PBXFileReference; lastKnownFileType = image.png; path = "Icon@2x.png"; sourceTree = "<group>"; };
		C0AA284F1A048E05009BFF9B /* main.m */ = {isa = PBXFileReference; fileEncoding = 4; lastKnownFileType = sourcecode.c.objc; path = main.m; sourceTree = "<group>"; };
		C0AA28501A048E05009BFF9B /* PlacePickerSample-Info.plist */ = {isa = PBXFileReference; fileEncoding = 4; lastKnownFileType = text.plist.xml; path = "PlacePickerSample-Info.plist"; sourceTree = "<group>"; };
		C0AA28511A048E05009BFF9B /* PlacePickerSample-Prefix.pch */ = {isa = PBXFileReference; fileEncoding = 4; lastKnownFileType = sourcecode.c.h; path = "PlacePickerSample-Prefix.pch"; sourceTree = "<group>"; };
		C0AA28521A048E05009BFF9B /* PPAppDelegate.h */ = {isa = PBXFileReference; fileEncoding = 4; lastKnownFileType = sourcecode.c.h; path = PPAppDelegate.h; sourceTree = "<group>"; };
		C0AA28531A048E05009BFF9B /* PPAppDelegate.m */ = {isa = PBXFileReference; fileEncoding = 4; lastKnownFileType = sourcecode.c.objc; path = PPAppDelegate.m; sourceTree = "<group>"; };
		C0AA28541A048E05009BFF9B /* PPViewController.h */ = {isa = PBXFileReference; fileEncoding = 4; lastKnownFileType = sourcecode.c.h; path = PPViewController.h; sourceTree = "<group>"; };
		C0AA28551A048E05009BFF9B /* PPViewController.m */ = {isa = PBXFileReference; fileEncoding = 4; lastKnownFileType = sourcecode.c.objc; path = PPViewController.m; sourceTree = "<group>"; };
		C0AA28561A048E05009BFF9B /* PlacePickerSample.xcodeproj */ = {isa = PBXFileReference; lastKnownFileType = "wrapper.pb-project"; path = PlacePickerSample.xcodeproj; sourceTree = "<group>"; };
		C0AA28591A048E05009BFF9B /* ReadMe.txt */ = {isa = PBXFileReference; fileEncoding = 4; lastKnownFileType = text; path = ReadMe.txt; sourceTree = "<group>"; };
		C0AA285B1A048E05009BFF9B /* post_app_objects.sh */ = {isa = PBXFileReference; fileEncoding = 4; lastKnownFileType = text.script.sh; path = post_app_objects.sh; sourceTree = "<group>"; };
		C0AA285C1A048E05009BFF9B /* ReadMe.txt */ = {isa = PBXFileReference; fileEncoding = 4; lastKnownFileType = text; path = ReadMe.txt; sourceTree = "<group>"; };
		C0AA285E1A048E05009BFF9B /* Default-568h@2x.png */ = {isa = PBXFileReference; lastKnownFileType = image.png; path = "Default-568h@2x.png"; sourceTree = "<group>"; };
		C0AA285F1A048E05009BFF9B /* Default.png */ = {isa = PBXFileReference; lastKnownFileType = image.png; path = Default.png; sourceTree = "<group>"; };
		C0AA28601A048E05009BFF9B /* Default@2x.png */ = {isa = PBXFileReference; lastKnownFileType = image.png; path = "Default@2x.png"; sourceTree = "<group>"; };
		C0AA28621A048E05009BFF9B /* en */ = {isa = PBXFileReference; lastKnownFileType = text.plist.strings; name = en; path = en.lproj/InfoPlist.strings; sourceTree = "<group>"; };
		C0AA28641A048E05009BFF9B /* en */ = {isa = PBXFileReference; lastKnownFileType = file.xib; name = en; path = en.lproj/RPSFriendsViewController_iPad.xib; sourceTree = "<group>"; };
		C0AA28661A048E05009BFF9B /* en */ = {isa = PBXFileReference; lastKnownFileType = file.xib; name = en; path = en.lproj/RPSFriendsViewController_iPhone.xib; sourceTree = "<group>"; };
		C0AA28681A048E05009BFF9B /* en */ = {isa = PBXFileReference; lastKnownFileType = file.xib; name = en; path = en.lproj/RPSGameViewController_iPad.xib; sourceTree = "<group>"; };
		C0AA286A1A048E05009BFF9B /* en */ = {isa = PBXFileReference; lastKnownFileType = file.xib; name = en; path = en.lproj/RPSGameViewController_iPhone.xib; sourceTree = "<group>"; };
		C0AA286B1A048E05009BFF9B /* Icon-72.png */ = {isa = PBXFileReference; lastKnownFileType = image.png; path = "Icon-72.png"; sourceTree = "<group>"; };
		C0AA286C1A048E05009BFF9B /* Icon-72@2x.png */ = {isa = PBXFileReference; lastKnownFileType = image.png; path = "Icon-72@2x.png"; sourceTree = "<group>"; };
		C0AA286D1A048E05009BFF9B /* Icon.png */ = {isa = PBXFileReference; lastKnownFileType = image.png; path = Icon.png; sourceTree = "<group>"; };
		C0AA286E1A048E05009BFF9B /* Icon@2x.png */ = {isa = PBXFileReference; lastKnownFileType = image.png; path = "Icon@2x.png"; sourceTree = "<group>"; };
		C0AA286F1A048E05009BFF9B /* IconFacebook-72@2x.png */ = {isa = PBXFileReference; lastKnownFileType = image.png; path = "IconFacebook-72@2x.png"; sourceTree = "<group>"; };
		C0AA28701A048E05009BFF9B /* left-paper-128.png */ = {isa = PBXFileReference; lastKnownFileType = image.png; path = "left-paper-128.png"; sourceTree = "<group>"; };
		C0AA28711A048E05009BFF9B /* left-paper-88.png */ = {isa = PBXFileReference; lastKnownFileType = image.png; path = "left-paper-88.png"; sourceTree = "<group>"; };
		C0AA28721A048E05009BFF9B /* left-rock-128.png */ = {isa = PBXFileReference; lastKnownFileType = image.png; path = "left-rock-128.png"; sourceTree = "<group>"; };
		C0AA28731A048E05009BFF9B /* left-rock-88.png */ = {isa = PBXFileReference; lastKnownFileType = image.png; path = "left-rock-88.png"; sourceTree = "<group>"; };
		C0AA28741A048E05009BFF9B /* left-scissors-128.png */ = {isa = PBXFileReference; lastKnownFileType = image.png; path = "left-scissors-128.png"; sourceTree = "<group>"; };
		C0AA28751A048E05009BFF9B /* left-scissors-88.png */ = {isa = PBXFileReference; lastKnownFileType = image.png; path = "left-scissors-88.png"; sourceTree = "<group>"; };
		C0AA28761A048E05009BFF9B /* main.m */ = {isa = PBXFileReference; fileEncoding = 4; lastKnownFileType = sourcecode.c.objc; path = main.m; sourceTree = "<group>"; };
		C0AA28771A048E05009BFF9B /* OGProtocols.h */ = {isa = PBXFileReference; fileEncoding = 4; lastKnownFileType = sourcecode.c.h; path = OGProtocols.h; sourceTree = "<group>"; };
		C0AA28781A048E05009BFF9B /* right-paper-128.png */ = {isa = PBXFileReference; lastKnownFileType = image.png; path = "right-paper-128.png"; sourceTree = "<group>"; };
		C0AA28791A048E05009BFF9B /* right-paper-88.png */ = {isa = PBXFileReference; lastKnownFileType = image.png; path = "right-paper-88.png"; sourceTree = "<group>"; };
		C0AA287A1A048E05009BFF9B /* right-rock-128.png */ = {isa = PBXFileReference; lastKnownFileType = image.png; path = "right-rock-128.png"; sourceTree = "<group>"; };
		C0AA287B1A048E05009BFF9B /* right-rock-88.png */ = {isa = PBXFileReference; lastKnownFileType = image.png; path = "right-rock-88.png"; sourceTree = "<group>"; };
		C0AA287C1A048E05009BFF9B /* right-scissors-128.png */ = {isa = PBXFileReference; lastKnownFileType = image.png; path = "right-scissors-128.png"; sourceTree = "<group>"; };
		C0AA287D1A048E05009BFF9B /* right-scissors-88.png */ = {isa = PBXFileReference; lastKnownFileType = image.png; path = "right-scissors-88.png"; sourceTree = "<group>"; };
		C0AA287E1A048E05009BFF9B /* RPSAppDelegate.h */ = {isa = PBXFileReference; fileEncoding = 4; lastKnownFileType = sourcecode.c.h; path = RPSAppDelegate.h; sourceTree = "<group>"; };
		C0AA287F1A048E05009BFF9B /* RPSAppDelegate.m */ = {isa = PBXFileReference; fileEncoding = 4; lastKnownFileType = sourcecode.c.objc; path = RPSAppDelegate.m; sourceTree = "<group>"; };
		C0AA28801A048E05009BFF9B /* RPSCommonObjects.h */ = {isa = PBXFileReference; fileEncoding = 4; lastKnownFileType = sourcecode.c.h; path = RPSCommonObjects.h; sourceTree = "<group>"; };
		C0AA28811A048E05009BFF9B /* RPSCommonObjects.m */ = {isa = PBXFileReference; fileEncoding = 4; lastKnownFileType = sourcecode.c.objc; path = RPSCommonObjects.m; sourceTree = "<group>"; };
		C0AA28821A048E05009BFF9B /* RPSDeeplyLinkedViewController.h */ = {isa = PBXFileReference; fileEncoding = 4; lastKnownFileType = sourcecode.c.h; path = RPSDeeplyLinkedViewController.h; sourceTree = "<group>"; };
		C0AA28831A048E05009BFF9B /* RPSDeeplyLinkedViewController.m */ = {isa = PBXFileReference; fileEncoding = 4; lastKnownFileType = sourcecode.c.objc; path = RPSDeeplyLinkedViewController.m; sourceTree = "<group>"; };
		C0AA28841A048E05009BFF9B /* RPSDeeplyLinkedViewController.xib */ = {isa = PBXFileReference; fileEncoding = 4; lastKnownFileType = file.xib; path = RPSDeeplyLinkedViewController.xib; sourceTree = "<group>"; };
		C0AA28851A048E05009BFF9B /* RPSFriendsViewController.h */ = {isa = PBXFileReference; fileEncoding = 4; lastKnownFileType = sourcecode.c.h; path = RPSFriendsViewController.h; sourceTree = "<group>"; };
		C0AA28861A048E05009BFF9B /* RPSFriendsViewController.m */ = {isa = PBXFileReference; fileEncoding = 4; lastKnownFileType = sourcecode.c.objc; path = RPSFriendsViewController.m; sourceTree = "<group>"; };
		C0AA28871A048E05009BFF9B /* RPSGameViewController.h */ = {isa = PBXFileReference; fileEncoding = 4; lastKnownFileType = sourcecode.c.h; path = RPSGameViewController.h; sourceTree = "<group>"; };
		C0AA28881A048E05009BFF9B /* RPSGameViewController.m */ = {isa = PBXFileReference; fileEncoding = 4; lastKnownFileType = sourcecode.c.objc; path = RPSGameViewController.m; sourceTree = "<group>"; };
		C0AA28891A048E05009BFF9B /* RPSSample-Info.plist */ = {isa = PBXFileReference; fileEncoding = 4; lastKnownFileType = text.plist.xml; path = "RPSSample-Info.plist"; sourceTree = "<group>"; };
		C0AA288A1A048E05009BFF9B /* RPSSample-Prefix.pch */ = {isa = PBXFileReference; fileEncoding = 4; lastKnownFileType = sourcecode.c.h; path = "RPSSample-Prefix.pch"; sourceTree = "<group>"; };
		C0AA288B1A048E05009BFF9B /* RPSSample.xcodeproj */ = {isa = PBXFileReference; lastKnownFileType = "wrapper.pb-project"; path = RPSSample.xcodeproj; sourceTree = "<group>"; };
		C0AA288F1A048E05009BFF9B /* ReadMe.txt */ = {isa = PBXFileReference; fileEncoding = 4; lastKnownFileType = text; path = ReadMe.txt; sourceTree = "<group>"; };
		C0AA28921A048E05009BFF9B /* en */ = {isa = PBXFileReference; lastKnownFileType = text.plist.strings; name = en; path = en.lproj/InfoPlist.strings; sourceTree = "<group>"; };
		C0AA28941A048E05009BFF9B /* en */ = {isa = PBXFileReference; lastKnownFileType = text.plist.strings; name = en; path = en.lproj/Scrumptious.strings; sourceTree = "<group>"; };
		C0AA28951A048E05009BFF9B /* FacebookSDKOverrides.bundle */ = {isa = PBXFileReference; lastKnownFileType = "wrapper.plug-in"; path = FacebookSDKOverrides.bundle; sourceTree = "<group>"; };
		C0AA28961A048E05009BFF9B /* he */ = {isa = PBXFileReference; lastKnownFileType = text.plist.strings; name = he; path = he.lproj/Scrumptious.strings; sourceTree = "<group>"; };
		C0AA28971A048E05009BFF9B /* Images.xcassets */ = {isa = PBXFileReference; lastKnownFileType = folder.assetcatalog; path = Images.xcassets; sourceTree = "<group>"; };
		C0AA28981A048E05009BFF9B /* main.m */ = {isa = PBXFileReference; fileEncoding = 4; lastKnownFileType = sourcecode.c.objc; path = main.m; sourceTree = "<group>"; };
		C0AA28991A048E05009BFF9B /* SCAppDelegate.h */ = {isa = PBXFileReference; fileEncoding = 4; lastKnownFileType = sourcecode.c.h; path = SCAppDelegate.h; sourceTree = "<group>"; };
		C0AA289A1A048E05009BFF9B /* SCAppDelegate.m */ = {isa = PBXFileReference; fileEncoding = 4; lastKnownFileType = sourcecode.c.objc; path = SCAppDelegate.m; sourceTree = "<group>"; };
		C0AA289B1A048E05009BFF9B /* SCErrorHandler.h */ = {isa = PBXFileReference; fileEncoding = 4; lastKnownFileType = sourcecode.c.h; path = SCErrorHandler.h; sourceTree = "<group>"; };
		C0AA289C1A048E05009BFF9B /* SCErrorHandler.m */ = {isa = PBXFileReference; fileEncoding = 4; lastKnownFileType = sourcecode.c.objc; path = SCErrorHandler.m; sourceTree = "<group>"; };
		C0AA289D1A048E05009BFF9B /* SCImagePicker.h */ = {isa = PBXFileReference; fileEncoding = 4; lastKnownFileType = sourcecode.c.h; path = SCImagePicker.h; sourceTree = "<group>"; };
		C0AA289E1A048E05009BFF9B /* SCImagePicker.m */ = {isa = PBXFileReference; fileEncoding = 4; lastKnownFileType = sourcecode.c.objc; path = SCImagePicker.m; sourceTree = "<group>"; };
		C0AA289F1A048E05009BFF9B /* SCLoginViewController.h */ = {isa = PBXFileReference; fileEncoding = 4; lastKnownFileType = sourcecode.c.h; path = SCLoginViewController.h; sourceTree = "<group>"; };
		C0AA28A01A048E05009BFF9B /* SCLoginViewController.m */ = {isa = PBXFileReference; fileEncoding = 4; lastKnownFileType = sourcecode.c.objc; path = SCLoginViewController.m; sourceTree = "<group>"; };
		C0AA28A11A048E05009BFF9B /* SCMain.storyboard */ = {isa = PBXFileReference; fileEncoding = 4; lastKnownFileType = file.storyboard; path = SCMain.storyboard; sourceTree = "<group>"; };
		C0AA28A21A048E05009BFF9B /* SCMainViewController.h */ = {isa = PBXFileReference; fileEncoding = 4; lastKnownFileType = sourcecode.c.h; path = SCMainViewController.h; sourceTree = "<group>"; };
		C0AA28A31A048E05009BFF9B /* SCMainViewController.m */ = {isa = PBXFileReference; fileEncoding = 4; lastKnownFileType = sourcecode.c.objc; path = SCMainViewController.m; sourceTree = "<group>"; };
		C0AA28A41A048E05009BFF9B /* SCMealPicker.h */ = {isa = PBXFileReference; fileEncoding = 4; lastKnownFileType = sourcecode.c.h; path = SCMealPicker.h; sourceTree = "<group>"; };
		C0AA28A51A048E05009BFF9B /* SCMealPicker.m */ = {isa = PBXFileReference; fileEncoding = 4; lastKnownFileType = sourcecode.c.objc; path = SCMealPicker.m; sourceTree = "<group>"; };
		C0AA28A61A048E05009BFF9B /* SCProfilePictureButton.h */ = {isa = PBXFileReference; fileEncoding = 4; lastKnownFileType = sourcecode.c.h; path = SCProfilePictureButton.h; sourceTree = "<group>"; };
		C0AA28A71A048E05009BFF9B /* SCProfilePictureButton.m */ = {isa = PBXFileReference; fileEncoding = 4; lastKnownFileType = sourcecode.c.objc; path = SCProfilePictureButton.m; sourceTree = "<group>"; };
		C0AA28A81A048E05009BFF9B /* SCProtocols.h */ = {isa = PBXFileReference; fileEncoding = 4; lastKnownFileType = sourcecode.c.h; path = SCProtocols.h; sourceTree = "<group>"; };
		C0AA28A91A048E05009BFF9B /* scrumptious-Info.plist */ = {isa = PBXFileReference; fileEncoding = 4; lastKnownFileType = text.plist.xml; path = "scrumptious-Info.plist"; sourceTree = "<group>"; };
		C0AA28AA1A048E05009BFF9B /* scrumptious-Prefix.pch */ = {isa = PBXFileReference; fileEncoding = 4; lastKnownFileType = sourcecode.c.h; path = "scrumptious-Prefix.pch"; sourceTree = "<group>"; };
		C0AA28AB1A048E05009BFF9B /* SCSettings.h */ = {isa = PBXFileReference; fileEncoding = 4; lastKnownFileType = sourcecode.c.h; path = SCSettings.h; sourceTree = "<group>"; };
		C0AA28AC1A048E05009BFF9B /* SCSettings.m */ = {isa = PBXFileReference; fileEncoding = 4; lastKnownFileType = sourcecode.c.objc; path = SCSettings.m; sourceTree = "<group>"; };
		C0AA28AD1A048E05009BFF9B /* SCShareUtility.h */ = {isa = PBXFileReference; fileEncoding = 4; lastKnownFileType = sourcecode.c.h; path = SCShareUtility.h; sourceTree = "<group>"; };
		C0AA28AE1A048E05009BFF9B /* SCShareUtility.m */ = {isa = PBXFileReference; fileEncoding = 4; lastKnownFileType = sourcecode.c.objc; path = SCShareUtility.m; sourceTree = "<group>"; };
		C0AA28AF1A048E05009BFF9B /* Scrumptious.xcodeproj */ = {isa = PBXFileReference; lastKnownFileType = "wrapper.pb-project"; path = Scrumptious.xcodeproj; sourceTree = "<group>"; };
		C0AA28B51A048E05009BFF9B /* Base */ = {isa = PBXFileReference; lastKnownFileType = file.storyboard; name = Base; path = Base.lproj/Main.storyboard; sourceTree = "<group>"; };
		C0AA28B71A048E05009BFF9B /* en */ = {isa = PBXFileReference; lastKnownFileType = text.plist.strings; name = en; path = en.lproj/InfoPlist.strings; sourceTree = "<group>"; };
		C0AA28B81A048E05009BFF9B /* Images.xcassets */ = {isa = PBXFileReference; lastKnownFileType = folder.assetcatalog; path = Images.xcassets; sourceTree = "<group>"; };
		C0AA28B91A048E05009BFF9B /* main.m */ = {isa = PBXFileReference; fileEncoding = 4; lastKnownFileType = sourcecode.c.objc; path = main.m; sourceTree = "<group>"; };
		C0AA28BA1A048E05009BFF9B /* ShareIt-Info.plist */ = {isa = PBXFileReference; fileEncoding = 4; lastKnownFileType = text.plist.xml; path = "ShareIt-Info.plist"; sourceTree = "<group>"; };
		C0AA28BB1A048E05009BFF9B /* ShareIt-Prefix.pch */ = {isa = PBXFileReference; fileEncoding = 4; lastKnownFileType = sourcecode.c.h; path = "ShareIt-Prefix.pch"; sourceTree = "<group>"; };
		C0AA28BC1A048E05009BFF9B /* SIAppDelegate.h */ = {isa = PBXFileReference; fileEncoding = 4; lastKnownFileType = sourcecode.c.h; path = SIAppDelegate.h; sourceTree = "<group>"; };
		C0AA28BD1A048E05009BFF9B /* SIAppDelegate.m */ = {isa = PBXFileReference; fileEncoding = 4; lastKnownFileType = sourcecode.c.objc; path = SIAppDelegate.m; sourceTree = "<group>"; };
		C0AA28BE1A048E05009BFF9B /* SIMainView.h */ = {isa = PBXFileReference; fileEncoding = 4; lastKnownFileType = sourcecode.c.h; path = SIMainView.h; sourceTree = "<group>"; };
		C0AA28BF1A048E05009BFF9B /* SIMainView.m */ = {isa = PBXFileReference; fileEncoding = 4; lastKnownFileType = sourcecode.c.objc; path = SIMainView.m; sourceTree = "<group>"; };
		C0AA28C01A048E05009BFF9B /* SIMainViewController.h */ = {isa = PBXFileReference; fileEncoding = 4; lastKnownFileType = sourcecode.c.h; path = SIMainViewController.h; sourceTree = "<group>"; };
		C0AA28C11A048E05009BFF9B /* SIMainViewController.m */ = {isa = PBXFileReference; fileEncoding = 4; lastKnownFileType = sourcecode.c.objc; path = SIMainViewController.m; sourceTree = "<group>"; };
		C0AA28C21A048E05009BFF9B /* SIPhoto.h */ = {isa = PBXFileReference; fileEncoding = 4; lastKnownFileType = sourcecode.c.h; path = SIPhoto.h; sourceTree = "<group>"; };
		C0AA28C31A048E05009BFF9B /* SIPhoto.m */ = {isa = PBXFileReference; fileEncoding = 4; lastKnownFileType = sourcecode.c.objc; path = SIPhoto.m; sourceTree = "<group>"; };
		C0AA28C41A048E05009BFF9B /* ShareIt.xcodeproj */ = {isa = PBXFileReference; lastKnownFileType = "wrapper.pb-project"; path = ShareIt.xcodeproj; sourceTree = "<group>"; };
		C0AA28C81A048E05009BFF9B /* ReadMe.txt */ = {isa = PBXFileReference; fileEncoding = 4; lastKnownFileType = text; path = ReadMe.txt; sourceTree = "<group>"; };
		C0AA28CA1A048E05009BFF9B /* Default-568h@2x.png */ = {isa = PBXFileReference; lastKnownFileType = image.png; path = "Default-568h@2x.png"; sourceTree = "<group>"; };
		C0AA28CB1A048E05009BFF9B /* Default.png */ = {isa = PBXFileReference; lastKnownFileType = image.png; path = Default.png; sourceTree = "<group>"; };
		C0AA28CC1A048E05009BFF9B /* Default@2x.png */ = {isa = PBXFileReference; lastKnownFileType = image.png; path = "Default@2x.png"; sourceTree = "<group>"; };
		C0AA28CE1A048E05009BFF9B /* en */ = {isa = PBXFileReference; lastKnownFileType = text.plist.strings; name = en; path = en.lproj/InfoPlist.strings; sourceTree = "<group>"; };
		C0AA28CF1A048E05009BFF9B /* first.png */ = {isa = PBXFileReference; lastKnownFileType = image.png; path = first.png; sourceTree = "<group>"; };
		C0AA28D01A048E05009BFF9B /* first@2x.png */ = {isa = PBXFileReference; lastKnownFileType = image.png; path = "first@2x.png"; sourceTree = "<group>"; };
		C0AA28D11A048E05009BFF9B /* Icon-72.png */ = {isa = PBXFileReference; lastKnownFileType = image.png; path = "Icon-72.png"; sourceTree = "<group>"; };
		C0AA28D21A048E05009BFF9B /* Icon-72@2x.png */ = {isa = PBXFileReference; lastKnownFileType = image.png; path = "Icon-72@2x.png"; sourceTree = "<group>"; };
		C0AA28D31A048E05009BFF9B /* Icon.png */ = {isa = PBXFileReference; lastKnownFileType = image.png; path = Icon.png; sourceTree = "<group>"; };
		C0AA28D41A048E05009BFF9B /* Icon@2x.png */ = {isa = PBXFileReference; lastKnownFileType = image.png; path = "Icon@2x.png"; sourceTree = "<group>"; };
		C0AA28D51A048E05009BFF9B /* main.m */ = {isa = PBXFileReference; fileEncoding = 4; lastKnownFileType = sourcecode.c.objc; path = main.m; sourceTree = "<group>"; };
		C0AA28D61A048E05009BFF9B /* second.png */ = {isa = PBXFileReference; lastKnownFileType = image.png; path = second.png; sourceTree = "<group>"; };
		C0AA28D71A048E05009BFF9B /* second@2x.png */ = {isa = PBXFileReference; lastKnownFileType = image.png; path = "second@2x.png"; sourceTree = "<group>"; };
		C0AA28D81A048E05009BFF9B /* SUAppDelegate.h */ = {isa = PBXFileReference; fileEncoding = 4; lastKnownFileType = sourcecode.c.h; path = SUAppDelegate.h; sourceTree = "<group>"; };
		C0AA28D91A048E05009BFF9B /* SUAppDelegate.m */ = {isa = PBXFileReference; fileEncoding = 4; lastKnownFileType = sourcecode.c.objc; path = SUAppDelegate.m; sourceTree = "<group>"; };
		C0AA28DA1A048E05009BFF9B /* SUProfileTableViewCell.h */ = {isa = PBXFileReference; fileEncoding = 4; lastKnownFileType = sourcecode.c.h; path = SUProfileTableViewCell.h; sourceTree = "<group>"; };
		C0AA28DB1A048E05009BFF9B /* SUProfileTableViewCell.m */ = {isa = PBXFileReference; fileEncoding = 4; lastKnownFileType = sourcecode.c.objc; path = SUProfileTableViewCell.m; sourceTree = "<group>"; };
		C0AA28DC1A048E05009BFF9B /* SUSettingsViewController.h */ = {isa = PBXFileReference; fileEncoding = 4; lastKnownFileType = sourcecode.c.h; path = SUSettingsViewController.h; sourceTree = "<group>"; };
		C0AA28DD1A048E05009BFF9B /* SUSettingsViewController.m */ = {isa = PBXFileReference; fileEncoding = 4; lastKnownFileType = sourcecode.c.objc; path = SUSettingsViewController.m; sourceTree = "<group>"; };
		C0AA28DE1A048E05009BFF9B /* SUSettingsViewController_iPad.xib */ = {isa = PBXFileReference; fileEncoding = 4; lastKnownFileType = file.xib; path = SUSettingsViewController_iPad.xib; sourceTree = "<group>"; };
		C0AA28DF1A048E05009BFF9B /* SUSettingsViewController_iPhone.xib */ = {isa = PBXFileReference; fileEncoding = 4; lastKnownFileType = file.xib; path = SUSettingsViewController_iPhone.xib; sourceTree = "<group>"; };
		C0AA28E01A048E05009BFF9B /* SUUserManager.h */ = {isa = PBXFileReference; fileEncoding = 4; lastKnownFileType = sourcecode.c.h; path = SUUserManager.h; sourceTree = "<group>"; };
		C0AA28E11A048E05009BFF9B /* SUUserManager.m */ = {isa = PBXFileReference; fileEncoding = 4; lastKnownFileType = sourcecode.c.objc; path = SUUserManager.m; sourceTree = "<group>"; };
		C0AA28E21A048E05009BFF9B /* SUUsingViewController.h */ = {isa = PBXFileReference; fileEncoding = 4; lastKnownFileType = sourcecode.c.h; path = SUUsingViewController.h; sourceTree = "<group>"; };
		C0AA28E31A048E05009BFF9B /* SUUsingViewController.m */ = {isa = PBXFileReference; fileEncoding = 4; lastKnownFileType = sourcecode.c.objc; path = SUUsingViewController.m; sourceTree = "<group>"; };
		C0AA28E41A048E05009BFF9B /* SUUsingViewController_iPad.xib */ = {isa = PBXFileReference; fileEncoding = 4; lastKnownFileType = file.xib; path = SUUsingViewController_iPad.xib; sourceTree = "<group>"; };
		C0AA28E51A048E05009BFF9B /* SUUsingViewController_iPhone.xib */ = {isa = PBXFileReference; fileEncoding = 4; lastKnownFileType = file.xib; path = SUUsingViewController_iPhone.xib; sourceTree = "<group>"; };
		C0AA28E61A048E05009BFF9B /* SwitchUserSample-Info.plist */ = {isa = PBXFileReference; fileEncoding = 4; lastKnownFileType = text.plist.xml; path = "SwitchUserSample-Info.plist"; sourceTree = "<group>"; };
		C0AA28E71A048E06009BFF9B /* SwitchUserSample-Prefix.pch */ = {isa = PBXFileReference; fileEncoding = 4; lastKnownFileType = sourcecode.c.h; path = "SwitchUserSample-Prefix.pch"; sourceTree = "<group>"; };
		C0AA28E81A048E06009BFF9B /* SwitchUserSample.xcodeproj */ = {isa = PBXFileReference; lastKnownFileType = "wrapper.pb-project"; path = SwitchUserSample.xcodeproj; sourceTree = "<group>"; };
/* End PBXFileReference section */

/* Begin PBXFrameworksBuildPhase section */
		C0AA27991A048DB1009BFF9B /* Frameworks */ = {
			isa = PBXFrameworksBuildPhase;
			buildActionMask = 2147483647;
			files = (
				C0AA27A21A048DB1009BFF9B /* CoreGraphics.framework in Frameworks */,
				C0AA28EC1A048E06009BFF9B /* FacebookSDK.framework in Frameworks */,
				C0AA27A41A048DB1009BFF9B /* UIKit.framework in Frameworks */,
				C0AA28ED1A048E06009BFF9B /* FBAudienceNetwork.framework in Frameworks */,
				C0AA27A01A048DB1009BFF9B /* Foundation.framework in Frameworks */,
				C0AA28EB1A048E06009BFF9B /* Bolts.framework in Frameworks */,
			);
			runOnlyForDeploymentPostprocessing = 0;
		};
		C0AA27BA1A048DB1009BFF9B /* Frameworks */ = {
			isa = PBXFrameworksBuildPhase;
			buildActionMask = 2147483647;
			files = (
				C0AA27BF1A048DB1009BFF9B /* XCTest.framework in Frameworks */,
				C0AA27C11A048DB1009BFF9B /* UIKit.framework in Frameworks */,
				C0AA27C01A048DB1009BFF9B /* Foundation.framework in Frameworks */,
			);
			runOnlyForDeploymentPostprocessing = 0;
		};
/* End PBXFrameworksBuildPhase section */

/* Begin PBXGroup section */
		C0AA27931A048DB1009BFF9B = {
			isa = PBXGroup;
			children = (
				C0AA27A51A048DB1009BFF9B /* Ship_1 */,
				C0AA27C41A048DB1009BFF9B /* Ship_1Tests */,
				C0AA279E1A048DB1009BFF9B /* Frameworks */,
				C0AA279D1A048DB1009BFF9B /* Products */,
			);
			sourceTree = "<group>";
		};
		C0AA279D1A048DB1009BFF9B /* Products */ = {
			isa = PBXGroup;
			children = (
				C0AA279C1A048DB1009BFF9B /* Ship_1.app */,
				C0AA27BD1A048DB1009BFF9B /* Ship_1Tests.xctest */,
			);
			name = Products;
			sourceTree = "<group>";
		};
		C0AA279E1A048DB1009BFF9B /* Frameworks */ = {
			isa = PBXGroup;
			children = (
				C0AA27D41A048E05009BFF9B /* FacebookSDK */,
				C0AA279F1A048DB1009BFF9B /* Foundation.framework */,
				C0AA27A11A048DB1009BFF9B /* CoreGraphics.framework */,
				C0AA27A31A048DB1009BFF9B /* UIKit.framework */,
				C0AA27BE1A048DB1009BFF9B /* XCTest.framework */,
			);
			name = Frameworks;
			sourceTree = "<group>";
		};
		C0AA27A51A048DB1009BFF9B /* Ship_1 */ = {
			isa = PBXGroup;
			children = (
				C0AA27AE1A048DB1009BFF9B /* XYZAppDelegate.h */,
				C0AA27AF1A048DB1009BFF9B /* XYZAppDelegate.m */,
				C0AA27B11A048DB1009BFF9B /* Main.storyboard */,
				C0AA27B41A048DB1009BFF9B /* XYZViewController.h */,
				C0AA27B51A048DB1009BFF9B /* XYZViewController.m */,
				C0AA27B71A048DB1009BFF9B /* Images.xcassets */,
				C0AA27A61A048DB1009BFF9B /* Supporting Files */,
			);
			path = Ship_1;
			sourceTree = "<group>";
		};
		C0AA27A61A048DB1009BFF9B /* Supporting Files */ = {
			isa = PBXGroup;
			children = (
				C0AA27A71A048DB1009BFF9B /* Ship_1-Info.plist */,
				C0AA27A81A048DB1009BFF9B /* InfoPlist.strings */,
				C0AA27AB1A048DB1009BFF9B /* main.m */,
				C0AA27AD1A048DB1009BFF9B /* Ship_1-Prefix.pch */,
			);
			name = "Supporting Files";
			sourceTree = "<group>";
		};
		C0AA27C41A048DB1009BFF9B /* Ship_1Tests */ = {
			isa = PBXGroup;
			children = (
				C0AA27CA1A048DB1009BFF9B /* Ship_1Tests.m */,
				C0AA27C51A048DB1009BFF9B /* Supporting Files */,
			);
			path = Ship_1Tests;
			sourceTree = "<group>";
		};
		C0AA27C51A048DB1009BFF9B /* Supporting Files */ = {
			isa = PBXGroup;
			children = (
				C0AA27C61A048DB1009BFF9B /* Ship_1Tests-Info.plist */,
				C0AA27C71A048DB1009BFF9B /* InfoPlist.strings */,
			);
			name = "Supporting Files";
			sourceTree = "<group>";
		};
		C0AA27D41A048E05009BFF9B /* FacebookSDK */ = {
			isa = PBXGroup;
			children = (
				C0AA27D51A048E05009BFF9B /* Bolts.framework */,
				C0AA27D61A048E05009BFF9B /* FacebookSDK.framework */,
				C0AA27D71A048E05009BFF9B /* FBAudienceNetwork */,
				C0AA28041A048E05009BFF9B /* LICENSE */,
				C0AA28051A048E05009BFF9B /* README.txt */,
				C0AA28061A048E05009BFF9B /* Samples */,
			);
			name = FacebookSDK;
			path = ../../../FacebookSDK;
			sourceTree = "<group>";
		};
		C0AA27D71A048E05009BFF9B /* FBAudienceNetwork */ = {
			isa = PBXGroup;
			children = (
				C0AA27D81A048E05009BFF9B /* FBAudienceNetwork.framework */,
				C0AA27D91A048E05009BFF9B /* README.txt */,
				C0AA27DA1A048E05009BFF9B /* Samples */,
			);
			path = FBAudienceNetwork;
			sourceTree = "<group>";
		};
		C0AA27DA1A048E05009BFF9B /* Samples */ = {
			isa = PBXGroup;
			children = (
				C0AA27DB1A048E05009BFF9B /* AdUnitsSample */,
				C0AA27EE1A048E05009BFF9B /* NativeAdSample */,
			);
			path = Samples;
			sourceTree = "<group>";
		};
		C0AA27DB1A048E05009BFF9B /* AdUnitsSample */ = {
			isa = PBXGroup;
			children = (
				C0AA27DC1A048E05009BFF9B /* AdUnitsSample */,
				C0AA27EA1A048E05009BFF9B /* AdUnitsSample.xcodeproj */,
				C0AA27ED1A048E05009BFF9B /* ReadMe.txt */,
			);
			path = AdUnitsSample;
			sourceTree = "<group>";
		};
		C0AA27DC1A048E05009BFF9B /* AdUnitsSample */ = {
			isa = PBXGroup;
			children = (
				C0AA27DD1A048E05009BFF9B /* AdUnitsSample-Info.plist */,
				C0AA27DE1A048E05009BFF9B /* AdUnitsSample-Prefix.pch */,
				C0AA27DF1A048E05009BFF9B /* AppDelegate.h */,
				C0AA27E01A048E05009BFF9B /* AppDelegate.m */,
				C0AA27E11A048E05009BFF9B /* Default-568h@2x.png */,
				C0AA27E21A048E05009BFF9B /* Default.png */,
				C0AA27E31A048E05009BFF9B /* Default@2x.png */,
				C0AA27E41A048E05009BFF9B /* Images.xcassets */,
				C0AA27E51A048E05009BFF9B /* InfoPlist.strings */,
				C0AA27E61A048E05009BFF9B /* main.m */,
				C0AA27E71A048E05009BFF9B /* ViewController.h */,
				C0AA27E81A048E05009BFF9B /* ViewController.m */,
				C0AA27E91A048E05009BFF9B /* ViewController.xib */,
			);
			path = AdUnitsSample;
			sourceTree = "<group>";
		};
		C0AA27EB1A048E05009BFF9B /* Products */ = {
			isa = PBXGroup;
			children = (
				C0AA29901A048E06009BFF9B /* AdUnitsSample.app */,
			);
			name = Products;
			sourceTree = "<group>";
		};
		C0AA27EE1A048E05009BFF9B /* NativeAdSample */ = {
			isa = PBXGroup;
			children = (
				C0AA27EF1A048E05009BFF9B /* NativeAdSample */,
				C0AA28001A048E05009BFF9B /* NativeAdSample.xcodeproj */,
				C0AA28031A048E05009BFF9B /* ReadMe.txt */,
			);
			path = NativeAdSample;
			sourceTree = "<group>";
		};
		C0AA27EF1A048E05009BFF9B /* NativeAdSample */ = {
			isa = PBXGroup;
			children = (
				C0AA27F01A048E05009BFF9B /* AppDelegate.h */,
				C0AA27F11A048E05009BFF9B /* AppDelegate.m */,
				C0AA27F21A048E05009BFF9B /* Images.xcassets */,
				C0AA27F31A048E05009BFF9B /* InfoPlist.strings */,
				C0AA27F41A048E05009BFF9B /* main.m */,
				C0AA27F51A048E05009BFF9B /* NativeAdCell.h */,
				C0AA27F61A048E05009BFF9B /* NativeAdCell.m */,
				C0AA27F71A048E05009BFF9B /* NativeAdCell.xib */,
				C0AA27F81A048E05009BFF9B /* NativeAdSample-Info.plist */,
				C0AA27F91A048E05009BFF9B /* NativeAdSample-Prefix.pch */,
				C0AA27FA1A048E05009BFF9B /* TableViewController.h */,
				C0AA27FB1A048E05009BFF9B /* TableViewController.m */,
				C0AA27FC1A048E05009BFF9B /* TableViewController.xib */,
				C0AA27FD1A048E05009BFF9B /* ViewController.h */,
				C0AA27FE1A048E05009BFF9B /* ViewController.m */,
				C0AA27FF1A048E05009BFF9B /* ViewController.xib */,
			);
			path = NativeAdSample;
			sourceTree = "<group>";
		};
		C0AA28011A048E05009BFF9B /* Products */ = {
			isa = PBXGroup;
			children = (
				C0AA29991A048E06009BFF9B /* NativeAdSample.app */,
			);
			name = Products;
			sourceTree = "<group>";
		};
		C0AA28061A048E05009BFF9B /* Samples */ = {
			isa = PBXGroup;
			children = (
				C0AA28071A048E05009BFF9B /* Configurations */,
				C0AA280C1A048E05009BFF9B /* FriendPickerSample */,
				C0AA28261A048E05009BFF9B /* HelloFacebookSample */,
				C0AA28401A048E05009BFF9B /* PlacePickerSample */,
				C0AA285A1A048E05009BFF9B /* RPSSample */,
				C0AA288E1A048E05009BFF9B /* Scrumptious */,
				C0AA28B21A048E05009BFF9B /* ShareIt */,
				C0AA28C71A048E05009BFF9B /* SwitchUserSample */,
			);
			path = Samples;
			sourceTree = "<group>";
		};
		C0AA28071A048E05009BFF9B /* Configurations */ = {
			isa = PBXGroup;
			children = (
				C0AA28081A048E05009BFF9B /* Application.xcconfig */,
				C0AA28091A048E05009BFF9B /* Project-Debug.xcconfig */,
				C0AA280A1A048E05009BFF9B /* Project-Release.xcconfig */,
				C0AA280B1A048E05009BFF9B /* Project.xcconfig */,
			);
			path = Configurations;
			sourceTree = "<group>";
		};
		C0AA280C1A048E05009BFF9B /* FriendPickerSample */ = {
			isa = PBXGroup;
			children = (
				C0AA280D1A048E05009BFF9B /* FriendPickerSample */,
				C0AA28221A048E05009BFF9B /* FriendPickerSample.xcodeproj */,
				C0AA28251A048E05009BFF9B /* ReadMe.txt */,
			);
			path = FriendPickerSample;
			sourceTree = "<group>";
		};
		C0AA280D1A048E05009BFF9B /* FriendPickerSample */ = {
			isa = PBXGroup;
			children = (
				C0AA280E1A048E05009BFF9B /* Default-568h@2x.png */,
				C0AA280F1A048E05009BFF9B /* Default.png */,
				C0AA28101A048E05009BFF9B /* Default@2x.png */,
				C0AA28111A048E05009BFF9B /* FPViewController_iPad.xib */,
				C0AA28131A048E05009BFF9B /* FPViewController_iPhone.xib */,
				C0AA28151A048E05009BFF9B /* InfoPlist.strings */,
				C0AA28171A048E05009BFF9B /* FPAppDelegate.h */,
				C0AA28181A048E05009BFF9B /* FPAppDelegate.m */,
				C0AA28191A048E05009BFF9B /* FPViewController.h */,
				C0AA281A1A048E05009BFF9B /* FPViewController.m */,
				C0AA281B1A048E05009BFF9B /* FriendPickerSample-Info.plist */,
				C0AA281C1A048E05009BFF9B /* FriendPickerSample-Prefix.pch */,
				C0AA281D1A048E05009BFF9B /* Icon-72.png */,
				C0AA281E1A048E05009BFF9B /* Icon-72@2x.png */,
				C0AA281F1A048E05009BFF9B /* Icon.png */,
				C0AA28201A048E05009BFF9B /* Icon@2x.png */,
				C0AA28211A048E05009BFF9B /* main.m */,
			);
			path = FriendPickerSample;
			sourceTree = "<group>";
		};
		C0AA28231A048E05009BFF9B /* Products */ = {
			isa = PBXGroup;
			children = (
				C0AA29931A048E06009BFF9B /* FriendPickerSample.app */,
			);
			name = Products;
			sourceTree = "<group>";
		};
		C0AA28261A048E05009BFF9B /* HelloFacebookSample */ = {
			isa = PBXGroup;
			children = (
				C0AA28271A048E05009BFF9B /* HelloFacebookSample */,
				C0AA283C1A048E05009BFF9B /* HelloFacebookSample.xcodeproj */,
				C0AA283F1A048E05009BFF9B /* ReadMe.txt */,
			);
			path = HelloFacebookSample;
			sourceTree = "<group>";
		};
		C0AA28271A048E05009BFF9B /* HelloFacebookSample */ = {
			isa = PBXGroup;
			children = (
				C0AA28281A048E05009BFF9B /* Default-568h@2x.png */,
				C0AA28291A048E05009BFF9B /* Default.png */,
				C0AA282A1A048E05009BFF9B /* Default@2x.png */,
				C0AA282B1A048E05009BFF9B /* HFViewController_iPad.xib */,
				C0AA282D1A048E05009BFF9B /* HFViewController_iPhone.xib */,
				C0AA282F1A048E05009BFF9B /* InfoPlist.strings */,
				C0AA28311A048E05009BFF9B /* HelloFacebookSample-Info.plist */,
				C0AA28321A048E05009BFF9B /* HelloFacebookSample-Prefix.pch */,
				C0AA28331A048E05009BFF9B /* HFAppDelegate.h */,
				C0AA28341A048E05009BFF9B /* HFAppDelegate.m */,
				C0AA28351A048E05009BFF9B /* HFViewController.h */,
				C0AA28361A048E05009BFF9B /* HFViewController.m */,
				C0AA28371A048E05009BFF9B /* Icon-72.png */,
				C0AA28381A048E05009BFF9B /* Icon-72@2x.png */,
				C0AA28391A048E05009BFF9B /* Icon.png */,
				C0AA283A1A048E05009BFF9B /* Icon@2x.png */,
				C0AA283B1A048E05009BFF9B /* main.m */,
			);
			path = HelloFacebookSample;
			sourceTree = "<group>";
		};
		C0AA283D1A048E05009BFF9B /* Products */ = {
			isa = PBXGroup;
			children = (
				C0AA29961A048E06009BFF9B /* HelloFacebookSample.app */,
			);
			name = Products;
			sourceTree = "<group>";
		};
		C0AA28401A048E05009BFF9B /* PlacePickerSample */ = {
			isa = PBXGroup;
			children = (
				C0AA28411A048E05009BFF9B /* PlacePickerSample */,
				C0AA28561A048E05009BFF9B /* PlacePickerSample.xcodeproj */,
				C0AA28591A048E05009BFF9B /* ReadMe.txt */,
			);
			path = PlacePickerSample;
			sourceTree = "<group>";
		};
		C0AA28411A048E05009BFF9B /* PlacePickerSample */ = {
			isa = PBXGroup;
			children = (
				C0AA28421A048E05009BFF9B /* Default-568h@2x.png */,
				C0AA28431A048E05009BFF9B /* Default.png */,
				C0AA28441A048E05009BFF9B /* Default@2x.png */,
				C0AA28451A048E05009BFF9B /* InfoPlist.strings */,
				C0AA28471A048E05009BFF9B /* PPViewController_iPad.xib */,
				C0AA28491A048E05009BFF9B /* PPViewController_iPhone.xib */,
				C0AA284B1A048E05009BFF9B /* Icon-72.png */,
				C0AA284C1A048E05009BFF9B /* Icon-72@2x.png */,
				C0AA284D1A048E05009BFF9B /* Icon.png */,
				C0AA284E1A048E05009BFF9B /* Icon@2x.png */,
				C0AA284F1A048E05009BFF9B /* main.m */,
				C0AA28501A048E05009BFF9B /* PlacePickerSample-Info.plist */,
				C0AA28511A048E05009BFF9B /* PlacePickerSample-Prefix.pch */,
				C0AA28521A048E05009BFF9B /* PPAppDelegate.h */,
				C0AA28531A048E05009BFF9B /* PPAppDelegate.m */,
				C0AA28541A048E05009BFF9B /* PPViewController.h */,
				C0AA28551A048E05009BFF9B /* PPViewController.m */,
			);
			path = PlacePickerSample;
			sourceTree = "<group>";
		};
		C0AA28571A048E05009BFF9B /* Products */ = {
			isa = PBXGroup;
			children = (
				C0AA299C1A048E06009BFF9B /* PlacePickerSample.app */,
			);
			name = Products;
			sourceTree = "<group>";
		};
		C0AA285A1A048E05009BFF9B /* RPSSample */ = {
			isa = PBXGroup;
			children = (
				C0AA285B1A048E05009BFF9B /* post_app_objects.sh */,
				C0AA285C1A048E05009BFF9B /* ReadMe.txt */,
				C0AA285D1A048E05009BFF9B /* RPSSample */,
				C0AA288B1A048E05009BFF9B /* RPSSample.xcodeproj */,
			);
			path = RPSSample;
			sourceTree = "<group>";
		};
		C0AA285D1A048E05009BFF9B /* RPSSample */ = {
			isa = PBXGroup;
			children = (
				C0AA285E1A048E05009BFF9B /* Default-568h@2x.png */,
				C0AA285F1A048E05009BFF9B /* Default.png */,
				C0AA28601A048E05009BFF9B /* Default@2x.png */,
				C0AA28611A048E05009BFF9B /* InfoPlist.strings */,
				C0AA28631A048E05009BFF9B /* RPSFriendsViewController_iPad.xib */,
				C0AA28651A048E05009BFF9B /* RPSFriendsViewController_iPhone.xib */,
				C0AA28671A048E05009BFF9B /* RPSGameViewController_iPad.xib */,
				C0AA28691A048E05009BFF9B /* RPSGameViewController_iPhone.xib */,
				C0AA286B1A048E05009BFF9B /* Icon-72.png */,
				C0AA286C1A048E05009BFF9B /* Icon-72@2x.png */,
				C0AA286D1A048E05009BFF9B /* Icon.png */,
				C0AA286E1A048E05009BFF9B /* Icon@2x.png */,
				C0AA286F1A048E05009BFF9B /* IconFacebook-72@2x.png */,
				C0AA28701A048E05009BFF9B /* left-paper-128.png */,
				C0AA28711A048E05009BFF9B /* left-paper-88.png */,
				C0AA28721A048E05009BFF9B /* left-rock-128.png */,
				C0AA28731A048E05009BFF9B /* left-rock-88.png */,
				C0AA28741A048E05009BFF9B /* left-scissors-128.png */,
				C0AA28751A048E05009BFF9B /* left-scissors-88.png */,
				C0AA28761A048E05009BFF9B /* main.m */,
				C0AA28771A048E05009BFF9B /* OGProtocols.h */,
				C0AA28781A048E05009BFF9B /* right-paper-128.png */,
				C0AA28791A048E05009BFF9B /* right-paper-88.png */,
				C0AA287A1A048E05009BFF9B /* right-rock-128.png */,
				C0AA287B1A048E05009BFF9B /* right-rock-88.png */,
				C0AA287C1A048E05009BFF9B /* right-scissors-128.png */,
				C0AA287D1A048E05009BFF9B /* right-scissors-88.png */,
				C0AA287E1A048E05009BFF9B /* RPSAppDelegate.h */,
				C0AA287F1A048E05009BFF9B /* RPSAppDelegate.m */,
				C0AA28801A048E05009BFF9B /* RPSCommonObjects.h */,
				C0AA28811A048E05009BFF9B /* RPSCommonObjects.m */,
				C0AA28821A048E05009BFF9B /* RPSDeeplyLinkedViewController.h */,
				C0AA28831A048E05009BFF9B /* RPSDeeplyLinkedViewController.m */,
				C0AA28841A048E05009BFF9B /* RPSDeeplyLinkedViewController.xib */,
				C0AA28851A048E05009BFF9B /* RPSFriendsViewController.h */,
				C0AA28861A048E05009BFF9B /* RPSFriendsViewController.m */,
				C0AA28871A048E05009BFF9B /* RPSGameViewController.h */,
				C0AA28881A048E05009BFF9B /* RPSGameViewController.m */,
				C0AA28891A048E05009BFF9B /* RPSSample-Info.plist */,
				C0AA288A1A048E05009BFF9B /* RPSSample-Prefix.pch */,
			);
			path = RPSSample;
			sourceTree = "<group>";
		};
		C0AA288C1A048E05009BFF9B /* Products */ = {
			isa = PBXGroup;
			children = (
				C0AA299F1A048E06009BFF9B /* RPSSample.app */,
			);
			name = Products;
			sourceTree = "<group>";
		};
		C0AA288E1A048E05009BFF9B /* Scrumptious */ = {
			isa = PBXGroup;
			children = (
				C0AA288F1A048E05009BFF9B /* ReadMe.txt */,
				C0AA28901A048E05009BFF9B /* scrumptious */,
				C0AA28AF1A048E05009BFF9B /* Scrumptious.xcodeproj */,
			);
			path = Scrumptious;
			sourceTree = "<group>";
		};
		C0AA28901A048E05009BFF9B /* scrumptious */ = {
			isa = PBXGroup;
			children = (
				C0AA28911A048E05009BFF9B /* InfoPlist.strings */,
				C0AA28931A048E05009BFF9B /* Scrumptious.strings */,
				C0AA28951A048E05009BFF9B /* FacebookSDKOverrides.bundle */,
				C0AA28971A048E05009BFF9B /* Images.xcassets */,
				C0AA28981A048E05009BFF9B /* main.m */,
				C0AA28991A048E05009BFF9B /* SCAppDelegate.h */,
				C0AA289A1A048E05009BFF9B /* SCAppDelegate.m */,
				C0AA289B1A048E05009BFF9B /* SCErrorHandler.h */,
				C0AA289C1A048E05009BFF9B /* SCErrorHandler.m */,
				C0AA289D1A048E05009BFF9B /* SCImagePicker.h */,
				C0AA289E1A048E05009BFF9B /* SCImagePicker.m */,
				C0AA289F1A048E05009BFF9B /* SCLoginViewController.h */,
				C0AA28A01A048E05009BFF9B /* SCLoginViewController.m */,
				C0AA28A11A048E05009BFF9B /* SCMain.storyboard */,
				C0AA28A21A048E05009BFF9B /* SCMainViewController.h */,
				C0AA28A31A048E05009BFF9B /* SCMainViewController.m */,
				C0AA28A41A048E05009BFF9B /* SCMealPicker.h */,
				C0AA28A51A048E05009BFF9B /* SCMealPicker.m */,
				C0AA28A61A048E05009BFF9B /* SCProfilePictureButton.h */,
				C0AA28A71A048E05009BFF9B /* SCProfilePictureButton.m */,
				C0AA28A81A048E05009BFF9B /* SCProtocols.h */,
				C0AA28A91A048E05009BFF9B /* scrumptious-Info.plist */,
				C0AA28AA1A048E05009BFF9B /* scrumptious-Prefix.pch */,
				C0AA28AB1A048E05009BFF9B /* SCSettings.h */,
				C0AA28AC1A048E05009BFF9B /* SCSettings.m */,
				C0AA28AD1A048E05009BFF9B /* SCShareUtility.h */,
				C0AA28AE1A048E05009BFF9B /* SCShareUtility.m */,
			);
			path = scrumptious;
			sourceTree = "<group>";
		};
		C0AA28B01A048E05009BFF9B /* Products */ = {
			isa = PBXGroup;
			children = (
				C0AA29A21A048E06009BFF9B /* Scrumptious.app */,
			);
			name = Products;
			sourceTree = "<group>";
		};
		C0AA28B21A048E05009BFF9B /* ShareIt */ = {
			isa = PBXGroup;
			children = (
				C0AA28B31A048E05009BFF9B /* ShareIt */,
				C0AA28C41A048E05009BFF9B /* ShareIt.xcodeproj */,
			);
			path = ShareIt;
			sourceTree = "<group>";
		};
		C0AA28B31A048E05009BFF9B /* ShareIt */ = {
			isa = PBXGroup;
			children = (
				C0AA28B41A048E05009BFF9B /* Main.storyboard */,
				C0AA28B61A048E05009BFF9B /* InfoPlist.strings */,
				C0AA28B81A048E05009BFF9B /* Images.xcassets */,
				C0AA28B91A048E05009BFF9B /* main.m */,
				C0AA28BA1A048E05009BFF9B /* ShareIt-Info.plist */,
				C0AA28BB1A048E05009BFF9B /* ShareIt-Prefix.pch */,
				C0AA28BC1A048E05009BFF9B /* SIAppDelegate.h */,
				C0AA28BD1A048E05009BFF9B /* SIAppDelegate.m */,
				C0AA28BE1A048E05009BFF9B /* SIMainView.h */,
				C0AA28BF1A048E05009BFF9B /* SIMainView.m */,
				C0AA28C01A048E05009BFF9B /* SIMainViewController.h */,
				C0AA28C11A048E05009BFF9B /* SIMainViewController.m */,
				C0AA28C21A048E05009BFF9B /* SIPhoto.h */,
				C0AA28C31A048E05009BFF9B /* SIPhoto.m */,
			);
			path = ShareIt;
			sourceTree = "<group>";
		};
		C0AA28C51A048E05009BFF9B /* Products */ = {
			isa = PBXGroup;
			children = (
				C0AA29A51A048E06009BFF9B /* ShareIt.app */,
			);
			name = Products;
			sourceTree = "<group>";
		};
		C0AA28C71A048E05009BFF9B /* SwitchUserSample */ = {
			isa = PBXGroup;
			children = (
				C0AA28C81A048E05009BFF9B /* ReadMe.txt */,
				C0AA28C91A048E05009BFF9B /* SwitchUserSample */,
				C0AA28E81A048E06009BFF9B /* SwitchUserSample.xcodeproj */,
			);
			path = SwitchUserSample;
			sourceTree = "<group>";
		};
		C0AA28C91A048E05009BFF9B /* SwitchUserSample */ = {
			isa = PBXGroup;
			children = (
				C0AA28CA1A048E05009BFF9B /* Default-568h@2x.png */,
				C0AA28CB1A048E05009BFF9B /* Default.png */,
				C0AA28CC1A048E05009BFF9B /* Default@2x.png */,
				C0AA28CD1A048E05009BFF9B /* InfoPlist.strings */,
				C0AA28CF1A048E05009BFF9B /* first.png */,
				C0AA28D01A048E05009BFF9B /* first@2x.png */,
				C0AA28D11A048E05009BFF9B /* Icon-72.png */,
				C0AA28D21A048E05009BFF9B /* Icon-72@2x.png */,
				C0AA28D31A048E05009BFF9B /* Icon.png */,
				C0AA28D41A048E05009BFF9B /* Icon@2x.png */,
				C0AA28D51A048E05009BFF9B /* main.m */,
				C0AA28D61A048E05009BFF9B /* second.png */,
				C0AA28D71A048E05009BFF9B /* second@2x.png */,
				C0AA28D81A048E05009BFF9B /* SUAppDelegate.h */,
				C0AA28D91A048E05009BFF9B /* SUAppDelegate.m */,
				C0AA28DA1A048E05009BFF9B /* SUProfileTableViewCell.h */,
				C0AA28DB1A048E05009BFF9B /* SUProfileTableViewCell.m */,
				C0AA28DC1A048E05009BFF9B /* SUSettingsViewController.h */,
				C0AA28DD1A048E05009BFF9B /* SUSettingsViewController.m */,
				C0AA28DE1A048E05009BFF9B /* SUSettingsViewController_iPad.xib */,
				C0AA28DF1A048E05009BFF9B /* SUSettingsViewController_iPhone.xib */,
				C0AA28E01A048E05009BFF9B /* SUUserManager.h */,
				C0AA28E11A048E05009BFF9B /* SUUserManager.m */,
				C0AA28E21A048E05009BFF9B /* SUUsingViewController.h */,
				C0AA28E31A048E05009BFF9B /* SUUsingViewController.m */,
				C0AA28E41A048E05009BFF9B /* SUUsingViewController_iPad.xib */,
				C0AA28E51A048E05009BFF9B /* SUUsingViewController_iPhone.xib */,
				C0AA28E61A048E05009BFF9B /* SwitchUserSample-Info.plist */,
				C0AA28E71A048E06009BFF9B /* SwitchUserSample-Prefix.pch */,
			);
			path = SwitchUserSample;
			sourceTree = "<group>";
		};
		C0AA28E91A048E06009BFF9B /* Products */ = {
			isa = PBXGroup;
			children = (
				C0AA29A81A048E06009BFF9B /* SwitchUserSample.app */,
			);
			name = Products;
			sourceTree = "<group>";
		};
/* End PBXGroup section */

/* Begin PBXNativeTarget section */
		C0AA279B1A048DB1009BFF9B /* Ship_1 */ = {
			isa = PBXNativeTarget;
			buildConfigurationList = C0AA27CE1A048DB1009BFF9B /* Build configuration list for PBXNativeTarget "Ship_1" */;
			buildPhases = (
				C0AA27981A048DB1009BFF9B /* Sources */,
				C0AA27991A048DB1009BFF9B /* Frameworks */,
			);
			buildRules = (
			);
			dependencies = (
			);
			name = Ship_1;
			productName = Ship_1;
			productReference = C0AA279C1A048DB1009BFF9B /* Ship_1.app */;
			productType = "com.apple.product-type.application";
		};
		C0AA27BC1A048DB1009BFF9B /* Ship_1Tests */ = {
			isa = PBXNativeTarget;
			buildConfigurationList = C0AA27D11A048DB1009BFF9B /* Build configuration list for PBXNativeTarget "Ship_1Tests" */;
			buildPhases = (
				C0AA27B91A048DB1009BFF9B /* Sources */,
				C0AA27BA1A048DB1009BFF9B /* Frameworks */,
				C0AA27BB1A048DB1009BFF9B /* Resources */,
			);
			buildRules = (
			);
			dependencies = (
				C0AA27C31A048DB1009BFF9B /* PBXTargetDependency */,
			);
			name = Ship_1Tests;
			productName = Ship_1Tests;
			productReference = C0AA27BD1A048DB1009BFF9B /* Ship_1Tests.xctest */;
			productType = "com.apple.product-type.bundle.unit-test";
		};
/* End PBXNativeTarget section */

/* Begin PBXProject section */
		C0AA27941A048DB1009BFF9B /* Project object */ = {
			isa = PBXProject;
			attributes = {
				CLASSPREFIX = XYZ;
				LastUpgradeCheck = 0510;
				ORGANIZATIONNAME = "___SHIP___";
				TargetAttributes = {
					C0AA27BC1A048DB1009BFF9B = {
						TestTargetID = C0AA279B1A048DB1009BFF9B;
					};
				};
			};
			buildConfigurationList = C0AA27971A048DB1009BFF9B /* Build configuration list for PBXProject "Ship_1" */;
			compatibilityVersion = "Xcode 3.2";
			developmentRegion = English;
			hasScannedForEncodings = 0;
			knownRegions = (
				en,
				Base,
				he,
			);
			mainGroup = C0AA27931A048DB1009BFF9B;
			productRefGroup = C0AA279D1A048DB1009BFF9B /* Products */;
			projectDirPath = "";
			projectReferences = (
				{
					ProductGroup = C0AA27EB1A048E05009BFF9B /* Products */;
					ProjectRef = C0AA27EA1A048E05009BFF9B /* AdUnitsSample.xcodeproj */;
				},
				{
					ProductGroup = C0AA28231A048E05009BFF9B /* Products */;
					ProjectRef = C0AA28221A048E05009BFF9B /* FriendPickerSample.xcodeproj */;
				},
				{
					ProductGroup = C0AA283D1A048E05009BFF9B /* Products */;
					ProjectRef = C0AA283C1A048E05009BFF9B /* HelloFacebookSample.xcodeproj */;
				},
				{
					ProductGroup = C0AA28011A048E05009BFF9B /* Products */;
					ProjectRef = C0AA28001A048E05009BFF9B /* NativeAdSample.xcodeproj */;
				},
				{
					ProductGroup = C0AA28571A048E05009BFF9B /* Products */;
					ProjectRef = C0AA28561A048E05009BFF9B /* PlacePickerSample.xcodeproj */;
				},
				{
					ProductGroup = C0AA288C1A048E05009BFF9B /* Products */;
					ProjectRef = C0AA288B1A048E05009BFF9B /* RPSSample.xcodeproj */;
				},
				{
					ProductGroup = C0AA28B01A048E05009BFF9B /* Products */;
					ProjectRef = C0AA28AF1A048E05009BFF9B /* Scrumptious.xcodeproj */;
				},
				{
					ProductGroup = C0AA28C51A048E05009BFF9B /* Products */;
					ProjectRef = C0AA28C41A048E05009BFF9B /* ShareIt.xcodeproj */;
				},
				{
					ProductGroup = C0AA28E91A048E06009BFF9B /* Products */;
					ProjectRef = C0AA28E81A048E06009BFF9B /* SwitchUserSample.xcodeproj */;
				},
			);
			projectRoot = "";
			targets = (
				C0AA279B1A048DB1009BFF9B /* Ship_1 */,
				C0AA27BC1A048DB1009BFF9B /* Ship_1Tests */,
			);
		};
/* End PBXProject section */

/* Begin PBXReferenceProxy section */
		C0AA29901A048E06009BFF9B /* AdUnitsSample.app */ = {
			isa = PBXReferenceProxy;
			fileType = wrapper.application;
			path = AdUnitsSample.app;
			remoteRef = C0AA298F1A048E06009BFF9B /* PBXContainerItemProxy */;
			sourceTree = BUILT_PRODUCTS_DIR;
		};
		C0AA29931A048E06009BFF9B /* FriendPickerSample.app */ = {
			isa = PBXReferenceProxy;
			fileType = wrapper.application;
			path = FriendPickerSample.app;
			remoteRef = C0AA29921A048E06009BFF9B /* PBXContainerItemProxy */;
			sourceTree = BUILT_PRODUCTS_DIR;
		};
		C0AA29961A048E06009BFF9B /* HelloFacebookSample.app */ = {
			isa = PBXReferenceProxy;
			fileType = wrapper.application;
			path = HelloFacebookSample.app;
			remoteRef = C0AA29951A048E06009BFF9B /* PBXContainerItemProxy */;
			sourceTree = BUILT_PRODUCTS_DIR;
		};
		C0AA29991A048E06009BFF9B /* NativeAdSample.app */ = {
			isa = PBXReferenceProxy;
			fileType = wrapper.application;
			path = NativeAdSample.app;
			remoteRef = C0AA29981A048E06009BFF9B /* PBXContainerItemProxy */;
			sourceTree = BUILT_PRODUCTS_DIR;
		};
		C0AA299C1A048E06009BFF9B /* PlacePickerSample.app */ = {
			isa = PBXReferenceProxy;
			fileType = wrapper.application;
			path = PlacePickerSample.app;
			remoteRef = C0AA299B1A048E06009BFF9B /* PBXContainerItemProxy */;
			sourceTree = BUILT_PRODUCTS_DIR;
		};
		C0AA299F1A048E06009BFF9B /* RPSSample.app */ = {
			isa = PBXReferenceProxy;
			fileType = wrapper.application;
			path = RPSSample.app;
			remoteRef = C0AA299E1A048E06009BFF9B /* PBXContainerItemProxy */;
			sourceTree = BUILT_PRODUCTS_DIR;
		};
		C0AA29A21A048E06009BFF9B /* Scrumptious.app */ = {
			isa = PBXReferenceProxy;
			fileType = wrapper.application;
			path = Scrumptious.app;
			remoteRef = C0AA29A11A048E06009BFF9B /* PBXContainerItemProxy */;
			sourceTree = BUILT_PRODUCTS_DIR;
		};
		C0AA29A51A048E06009BFF9B /* ShareIt.app */ = {
			isa = PBXReferenceProxy;
			fileType = wrapper.application;
			path = ShareIt.app;
			remoteRef = C0AA29A41A048E06009BFF9B /* PBXContainerItemProxy */;
			sourceTree = BUILT_PRODUCTS_DIR;
		};
		C0AA29A81A048E06009BFF9B /* SwitchUserSample.app */ = {
			isa = PBXReferenceProxy;
			fileType = wrapper.application;
			path = SwitchUserSample.app;
			remoteRef = C0AA29A71A048E06009BFF9B /* PBXContainerItemProxy */;
			sourceTree = BUILT_PRODUCTS_DIR;
		};
/* End PBXReferenceProxy section */

/* Begin PBXResourcesBuildPhase section */
		C0AA27BB1A048DB1009BFF9B /* Resources */ = {
			isa = PBXResourcesBuildPhase;
			buildActionMask = 2147483647;
			files = (
				C0AA27C91A048DB1009BFF9B /* InfoPlist.strings in Resources */,
			);
			runOnlyForDeploymentPostprocessing = 0;
		};
/* End PBXResourcesBuildPhase section */

/* Begin PBXSourcesBuildPhase section */
		C0AA27981A048DB1009BFF9B /* Sources */ = {
			isa = PBXSourcesBuildPhase;
			buildActionMask = 2147483647;
			files = (
				C0AA28F71A048E06009BFF9B /* ViewController.m in Sources */,
				C0AA29741A048E06009BFF9B /* SIMainViewController.m in Sources */,
				C0AA28F61A048E06009BFF9B /* main.m in Sources */,
				C0AA29751A048E06009BFF9B /* SIPhoto.m in Sources */,
				C0AA29721A048E06009BFF9B /* SIAppDelegate.m in Sources */,
				C0AA295A1A048E06009BFF9B /* RPSGameViewController.m in Sources */,
				C0AA28F01A048E06009BFF9B /* AppDelegate.m in Sources */,
				C0AA29131A048E06009BFF9B /* FPViewController.m in Sources */,
				C0AA29641A048E06009BFF9B /* SCImagePicker.m in Sources */,
				C0AA29371A048E06009BFF9B /* PPViewController.m in Sources */,
				C0AA29011A048E06009BFF9B /* TableViewController.m in Sources */,
				C0AA296C1A048E06009BFF9B /* SCShareUtility.m in Sources */,
				C0AA29631A048E06009BFF9B /* SCErrorHandler.m in Sources */,
				C0AA29121A048E06009BFF9B /* FPAppDelegate.m in Sources */,
				C0AA27B61A048DB1009BFF9B /* XYZViewController.m in Sources */,
				C0AA29851A048E06009BFF9B /* SUProfileTableViewCell.m in Sources */,
				C0AA29671A048E06009BFF9B /* SCMainViewController.m in Sources */,
				C0AA29571A048E06009BFF9B /* RPSDeeplyLinkedViewController.m in Sources */,
				C0AA29031A048E06009BFF9B /* ViewController.m in Sources */,
				C0AA27B01A048DB1009BFF9B /* XYZAppDelegate.m in Sources */,
				C0AA29681A048E06009BFF9B /* SCMealPicker.m in Sources */,
				C0AA29221A048E06009BFF9B /* HFAppDelegate.m in Sources */,
				C0AA29891A048E06009BFF9B /* SUUserManager.m in Sources */,
				C0AA29231A048E06009BFF9B /* HFViewController.m in Sources */,
				C0AA29691A048E06009BFF9B /* SCProfilePictureButton.m in Sources */,
				C0AA29701A048E06009BFF9B /* main.m in Sources */,
				C0AA29551A048E06009BFF9B /* RPSAppDelegate.m in Sources */,
				C0AA27AC1A048DB1009BFF9B /* main.m in Sources */,
				C0AA296B1A048E06009BFF9B /* SCSettings.m in Sources */,
				C0AA29611A048E06009BFF9B /* main.m in Sources */,
				C0AA29281A048E06009BFF9B /* main.m in Sources */,
				C0AA28FE1A048E06009BFF9B /* NativeAdCell.m in Sources */,
				C0AA28FD1A048E06009BFF9B /* main.m in Sources */,
				C0AA29621A048E06009BFF9B /* SCAppDelegate.m in Sources */,
				C0AA29651A048E06009BFF9B /* SCLoginViewController.m in Sources */,
				C0AA29191A048E06009BFF9B /* main.m in Sources */,
				C0AA29561A048E06009BFF9B /* RPSCommonObjects.m in Sources */,
				C0AA29861A048E06009BFF9B /* SUSettingsViewController.m in Sources */,
				C0AA298A1A048E06009BFF9B /* SUUsingViewController.m in Sources */,
				C0AA29361A048E06009BFF9B /* PPAppDelegate.m in Sources */,
				C0AA29841A048E06009BFF9B /* SUAppDelegate.m in Sources */,
				C0AA29341A048E06009BFF9B /* main.m in Sources */,
				C0AA294E1A048E06009BFF9B /* main.m in Sources */,
				C0AA29731A048E06009BFF9B /* SIMainView.m in Sources */,
				C0AA29591A048E06009BFF9B /* RPSFriendsViewController.m in Sources */,
				C0AA29811A048E06009BFF9B /* main.m in Sources */,
				C0AA28FA1A048E06009BFF9B /* AppDelegate.m in Sources */,
			);
			runOnlyForDeploymentPostprocessing = 0;
		};
		C0AA27B91A048DB1009BFF9B /* Sources */ = {
			isa = PBXSourcesBuildPhase;
			buildActionMask = 2147483647;
			files = (
				C0AA27CB1A048DB1009BFF9B /* Ship_1Tests.m in Sources */,
			);
			runOnlyForDeploymentPostprocessing = 0;
		};
/* End PBXSourcesBuildPhase section */

/* Begin PBXTargetDependency section */
		C0AA27C31A048DB1009BFF9B /* PBXTargetDependency */ = {
			isa = PBXTargetDependency;
			target = C0AA279B1A048DB1009BFF9B /* Ship_1 */;
			targetProxy = C0AA27C21A048DB1009BFF9B /* PBXContainerItemProxy */;
		};
/* End PBXTargetDependency section */

/* Begin PBXVariantGroup section */
		C0AA27A81A048DB1009BFF9B /* InfoPlist.strings */ = {
			isa = PBXVariantGroup;
			children = (
				C0AA27A91A048DB1009BFF9B /* en */,
			);
			name = InfoPlist.strings;
			sourceTree = "<group>";
		};
		C0AA27B11A048DB1009BFF9B /* Main.storyboard */ = {
			isa = PBXVariantGroup;
			children = (
				C0AA27B21A048DB1009BFF9B /* Base */,
			);
			name = Main.storyboard;
			sourceTree = "<group>";
		};
		C0AA27C71A048DB1009BFF9B /* InfoPlist.strings */ = {
			isa = PBXVariantGroup;
			children = (
				C0AA27C81A048DB1009BFF9B /* en */,
			);
			name = InfoPlist.strings;
			sourceTree = "<group>";
		};
		C0AA28111A048E05009BFF9B /* FPViewController_iPad.xib */ = {
			isa = PBXVariantGroup;
			children = (
				C0AA28121A048E05009BFF9B /* en */,
			);
			name = FPViewController_iPad.xib;
			sourceTree = "<group>";
		};
		C0AA28131A048E05009BFF9B /* FPViewController_iPhone.xib */ = {
			isa = PBXVariantGroup;
			children = (
				C0AA28141A048E05009BFF9B /* en */,
			);
			name = FPViewController_iPhone.xib;
			sourceTree = "<group>";
		};
		C0AA28151A048E05009BFF9B /* InfoPlist.strings */ = {
			isa = PBXVariantGroup;
			children = (
				C0AA28161A048E05009BFF9B /* en */,
			);
			name = InfoPlist.strings;
			sourceTree = "<group>";
		};
		C0AA282B1A048E05009BFF9B /* HFViewController_iPad.xib */ = {
			isa = PBXVariantGroup;
			children = (
				C0AA282C1A048E05009BFF9B /* en */,
			);
			name = HFViewController_iPad.xib;
			sourceTree = "<group>";
		};
		C0AA282D1A048E05009BFF9B /* HFViewController_iPhone.xib */ = {
			isa = PBXVariantGroup;
			children = (
				C0AA282E1A048E05009BFF9B /* en */,
			);
			name = HFViewController_iPhone.xib;
			sourceTree = "<group>";
		};
		C0AA282F1A048E05009BFF9B /* InfoPlist.strings */ = {
			isa = PBXVariantGroup;
			children = (
				C0AA28301A048E05009BFF9B /* en */,
			);
			name = InfoPlist.strings;
			sourceTree = "<group>";
		};
		C0AA28451A048E05009BFF9B /* InfoPlist.strings */ = {
			isa = PBXVariantGroup;
			children = (
				C0AA28461A048E05009BFF9B /* en */,
			);
			name = InfoPlist.strings;
			sourceTree = "<group>";
		};
		C0AA28471A048E05009BFF9B /* PPViewController_iPad.xib */ = {
			isa = PBXVariantGroup;
			children = (
				C0AA28481A048E05009BFF9B /* en */,
			);
			name = PPViewController_iPad.xib;
			sourceTree = "<group>";
		};
		C0AA28491A048E05009BFF9B /* PPViewController_iPhone.xib */ = {
			isa = PBXVariantGroup;
			children = (
				C0AA284A1A048E05009BFF9B /* en */,
			);
			name = PPViewController_iPhone.xib;
			sourceTree = "<group>";
		};
		C0AA28611A048E05009BFF9B /* InfoPlist.strings */ = {
			isa = PBXVariantGroup;
			children = (
				C0AA28621A048E05009BFF9B /* en */,
			);
			name = InfoPlist.strings;
			sourceTree = "<group>";
		};
		C0AA28631A048E05009BFF9B /* RPSFriendsViewController_iPad.xib */ = {
			isa = PBXVariantGroup;
			children = (
				C0AA28641A048E05009BFF9B /* en */,
			);
			name = RPSFriendsViewController_iPad.xib;
			sourceTree = "<group>";
		};
		C0AA28651A048E05009BFF9B /* RPSFriendsViewController_iPhone.xib */ = {
			isa = PBXVariantGroup;
			children = (
				C0AA28661A048E05009BFF9B /* en */,
			);
			name = RPSFriendsViewController_iPhone.xib;
			sourceTree = "<group>";
		};
		C0AA28671A048E05009BFF9B /* RPSGameViewController_iPad.xib */ = {
			isa = PBXVariantGroup;
			children = (
				C0AA28681A048E05009BFF9B /* en */,
			);
			name = RPSGameViewController_iPad.xib;
			sourceTree = "<group>";
		};
		C0AA28691A048E05009BFF9B /* RPSGameViewController_iPhone.xib */ = {
			isa = PBXVariantGroup;
			children = (
				C0AA286A1A048E05009BFF9B /* en */,
			);
			name = RPSGameViewController_iPhone.xib;
			sourceTree = "<group>";
		};
		C0AA28911A048E05009BFF9B /* InfoPlist.strings */ = {
			isa = PBXVariantGroup;
			children = (
				C0AA28921A048E05009BFF9B /* en */,
			);
			name = InfoPlist.strings;
			sourceTree = "<group>";
		};
		C0AA28931A048E05009BFF9B /* Scrumptious.strings */ = {
			isa = PBXVariantGroup;
			children = (
				C0AA28941A048E05009BFF9B /* en */,
				C0AA28961A048E05009BFF9B /* he */,
			);
			name = Scrumptious.strings;
			sourceTree = "<group>";
		};
		C0AA28B41A048E05009BFF9B /* Main.storyboard */ = {
			isa = PBXVariantGroup;
			children = (
				C0AA28B51A048E05009BFF9B /* Base */,
			);
			name = Main.storyboard;
			sourceTree = "<group>";
		};
		C0AA28B61A048E05009BFF9B /* InfoPlist.strings */ = {
			isa = PBXVariantGroup;
			children = (
				C0AA28B71A048E05009BFF9B /* en */,
			);
			name = InfoPlist.strings;
			sourceTree = "<group>";
		};
		C0AA28CD1A048E05009BFF9B /* InfoPlist.strings */ = {
			isa = PBXVariantGroup;
			children = (
				C0AA28CE1A048E05009BFF9B /* en */,
			);
			name = InfoPlist.strings;
			sourceTree = "<group>";
		};
/* End PBXVariantGroup section */

/* Begin XCBuildConfiguration section */
		C0AA27CC1A048DB1009BFF9B /* Debug */ = {
			isa = XCBuildConfiguration;
			buildSettings = {
				ALWAYS_SEARCH_USER_PATHS = NO;
				CLANG_CXX_LANGUAGE_STANDARD = "gnu++0x";
				CLANG_CXX_LIBRARY = "libc++";
				CLANG_ENABLE_MODULES = YES;
				CLANG_ENABLE_OBJC_ARC = YES;
				CLANG_WARN_BOOL_CONVERSION = YES;
				CLANG_WARN_CONSTANT_CONVERSION = YES;
				CLANG_WARN_DIRECT_OBJC_ISA_USAGE = YES_ERROR;
				CLANG_WARN_EMPTY_BODY = YES;
				CLANG_WARN_ENUM_CONVERSION = YES;
				CLANG_WARN_INT_CONVERSION = YES;
				CLANG_WARN_OBJC_ROOT_CLASS = YES_ERROR;
				CLANG_WARN__DUPLICATE_METHOD_MATCH = YES;
				"CODE_SIGN_IDENTITY[sdk=iphoneos*]" = "iPhone Developer";
				COPY_PHASE_STRIP = NO;
				GCC_C_LANGUAGE_STANDARD = gnu99;
				GCC_DYNAMIC_NO_PIC = NO;
				GCC_OPTIMIZATION_LEVEL = 0;
				GCC_PREPROCESSOR_DEFINITIONS = (
					"DEBUG=1",
					"$(inherited)",
				);
				GCC_SYMBOLS_PRIVATE_EXTERN = NO;
				GCC_WARN_64_TO_32_BIT_CONVERSION = YES;
				GCC_WARN_ABOUT_RETURN_TYPE = YES_ERROR;
				GCC_WARN_UNDECLARED_SELECTOR = YES;
				GCC_WARN_UNINITIALIZED_AUTOS = YES_AGGRESSIVE;
				GCC_WARN_UNUSED_FUNCTION = YES;
				GCC_WARN_UNUSED_VARIABLE = YES;
				IPHONEOS_DEPLOYMENT_TARGET = 7.1;
				ONLY_ACTIVE_ARCH = YES;
				SDKROOT = iphoneos;
			};
			name = Debug;
		};
		C0AA27CD1A048DB1009BFF9B /* Release */ = {
			isa = XCBuildConfiguration;
			buildSettings = {
				ALWAYS_SEARCH_USER_PATHS = NO;
				CLANG_CXX_LANGUAGE_STANDARD = "gnu++0x";
				CLANG_CXX_LIBRARY = "libc++";
				CLANG_ENABLE_MODULES = YES;
				CLANG_ENABLE_OBJC_ARC = YES;
				CLANG_WARN_BOOL_CONVERSION = YES;
				CLANG_WARN_CONSTANT_CONVERSION = YES;
				CLANG_WARN_DIRECT_OBJC_ISA_USAGE = YES_ERROR;
				CLANG_WARN_EMPTY_BODY = YES;
				CLANG_WARN_ENUM_CONVERSION = YES;
				CLANG_WARN_INT_CONVERSION = YES;
				CLANG_WARN_OBJC_ROOT_CLASS = YES_ERROR;
				CLANG_WARN__DUPLICATE_METHOD_MATCH = YES;
				"CODE_SIGN_IDENTITY[sdk=iphoneos*]" = "iPhone Developer";
				COPY_PHASE_STRIP = YES;
				ENABLE_NS_ASSERTIONS = NO;
				GCC_C_LANGUAGE_STANDARD = gnu99;
				GCC_WARN_64_TO_32_BIT_CONVERSION = YES;
				GCC_WARN_ABOUT_RETURN_TYPE = YES_ERROR;
				GCC_WARN_UNDECLARED_SELECTOR = YES;
				GCC_WARN_UNINITIALIZED_AUTOS = YES_AGGRESSIVE;
				GCC_WARN_UNUSED_FUNCTION = YES;
				GCC_WARN_UNUSED_VARIABLE = YES;
				IPHONEOS_DEPLOYMENT_TARGET = 7.1;
				SDKROOT = iphoneos;
				VALIDATE_PRODUCT = YES;
			};
			name = Release;
		};
		C0AA27CF1A048DB1009BFF9B /* Debug */ = {
			isa = XCBuildConfiguration;
			buildSettings = {
				ASSETCATALOG_COMPILER_APPICON_NAME = AppIcon;
				ASSETCATALOG_COMPILER_LAUNCHIMAGE_NAME = LaunchImage;
				FRAMEWORK_SEARCH_PATHS = (
					"$(inherited)",
					/Users/hillaryjiado/Documents/FacebookSDK,
					/Users/hillaryjiado/Documents/FacebookSDK/FBAudienceNetwork,
				);
				GCC_PRECOMPILE_PREFIX_HEADER = YES;
				GCC_PREFIX_HEADER = "Ship_1/Ship_1-Prefix.pch";
				INFOPLIST_FILE = "Ship_1/Ship_1-Info.plist";
				PRODUCT_NAME = "$(TARGET_NAME)";
				WRAPPER_EXTENSION = app;
			};
			name = Debug;
		};
		C0AA27D01A048DB1009BFF9B /* Release */ = {
			isa = XCBuildConfiguration;
			buildSettings = {
				ASSETCATALOG_COMPILER_APPICON_NAME = AppIcon;
				ASSETCATALOG_COMPILER_LAUNCHIMAGE_NAME = LaunchImage;
				FRAMEWORK_SEARCH_PATHS = (
					"$(inherited)",
					/Users/hillaryjiado/Documents/FacebookSDK,
					/Users/hillaryjiado/Documents/FacebookSDK/FBAudienceNetwork,
				);
				GCC_PRECOMPILE_PREFIX_HEADER = YES;
				GCC_PREFIX_HEADER = "Ship_1/Ship_1-Prefix.pch";
				INFOPLIST_FILE = "Ship_1/Ship_1-Info.plist";
				PRODUCT_NAME = "$(TARGET_NAME)";
				WRAPPER_EXTENSION = app;
			};
			name = Release;
		};
		C0AA27D21A048DB1009BFF9B /* Debug */ = {
			isa = XCBuildConfiguration;
			buildSettings = {
				BUNDLE_LOADER = "$(BUILT_PRODUCTS_DIR)/Ship_1.app/Ship_1";
				FRAMEWORK_SEARCH_PATHS = (
					"$(SDKROOT)/Developer/Library/Frameworks",
					"$(inherited)",
					"$(DEVELOPER_FRAMEWORKS_DIR)",
				);
				GCC_PRECOMPILE_PREFIX_HEADER = YES;
				GCC_PREFIX_HEADER = "Ship_1/Ship_1-Prefix.pch";
				GCC_PREPROCESSOR_DEFINITIONS = (
					"DEBUG=1",
					"$(inherited)",
				);
				INFOPLIST_FILE = "Ship_1Tests/Ship_1Tests-Info.plist";
				PRODUCT_NAME = "$(TARGET_NAME)";
				TEST_HOST = "$(BUNDLE_LOADER)";
				WRAPPER_EXTENSION = xctest;
			};
			name = Debug;
		};
		C0AA27D31A048DB1009BFF9B /* Release */ = {
			isa = XCBuildConfiguration;
			buildSettings = {
				BUNDLE_LOADER = "$(BUILT_PRODUCTS_DIR)/Ship_1.app/Ship_1";
				FRAMEWORK_SEARCH_PATHS = (
					"$(SDKROOT)/Developer/Library/Frameworks",
					"$(inherited)",
					"$(DEVELOPER_FRAMEWORKS_DIR)",
				);
				GCC_PRECOMPILE_PREFIX_HEADER = YES;
				GCC_PREFIX_HEADER = "Ship_1/Ship_1-Prefix.pch";
				INFOPLIST_FILE = "Ship_1Tests/Ship_1Tests-Info.plist";
				PRODUCT_NAME = "$(TARGET_NAME)";
				TEST_HOST = "$(BUNDLE_LOADER)";
				WRAPPER_EXTENSION = xctest;
			};
			name = Release;
		};
/* End XCBuildConfiguration section */

/* Begin XCConfigurationList section */
		C0AA27971A048DB1009BFF9B /* Build configuration list for PBXProject "Ship_1" */ = {
			isa = XCConfigurationList;
			buildConfigurations = (
				C0AA27CC1A048DB1009BFF9B /* Debug */,
				C0AA27CD1A048DB1009BFF9B /* Release */,
			);
			defaultConfigurationIsVisible = 0;
			defaultConfigurationName = Release;
		};
		C0AA27CE1A048DB1009BFF9B /* Build configuration list for PBXNativeTarget "Ship_1" */ = {
			isa = XCConfigurationList;
			buildConfigurations = (
				C0AA27CF1A048DB1009BFF9B /* Debug */,
				C0AA27D01A048DB1009BFF9B /* Release */,
			);
			defaultConfigurationIsVisible = 0;
		};
		C0AA27D11A048DB1009BFF9B /* Build configuration list for PBXNativeTarget "Ship_1Tests" */ = {
			isa = XCConfigurationList;
			buildConfigurations = (
				C0AA27D21A048DB1009BFF9B /* Debug */,
				C0AA27D31A048DB1009BFF9B /* Release */,
			);
			defaultConfigurationIsVisible = 0;
		};
/* End XCConfigurationList section */
	};
	rootObject = C0AA27941A048DB1009BFF9B /* Project object */;
}
