// !$*UTF8*$!
{
	archiveVersion = 1;
	classes = {
	};
	objectVersion = 46;
	objects = {

/* Begin PBXBuildFile section */
		D148D8A71A049D4100EF2CD1 /* main.m in Sources */ = {isa = PBXBuildFile; fileRef = D148D8A61A049D4100EF2CD1 /* main.m */; };
		D148D8AA1A049D4100EF2CD1 /* AppDelegate.m in Sources */ = {isa = PBXBuildFile; fileRef = D148D8A91A049D4100EF2CD1 /* AppDelegate.m */; };
		D148D8AD1A049D4100EF2CD1 /* ViewController.m in Sources */ = {isa = PBXBuildFile; fileRef = D148D8AC1A049D4100EF2CD1 /* ViewController.m */; };
		D148D8B21A049D4100EF2CD1 /* Images.xcassets in Resources */ = {isa = PBXBuildFile; fileRef = D148D8B11A049D4100EF2CD1 /* Images.xcassets */; };
		D148D8B51A049D4100EF2CD1 /* LaunchScreen.xib in Resources */ = {isa = PBXBuildFile; fileRef = D148D8B31A049D4100EF2CD1 /* LaunchScreen.xib */; };
		D148D8C11A049D4100EF2CD1 /* AshipTests.m in Sources */ = {isa = PBXBuildFile; fileRef = D148D8C01A049D4100EF2CD1 /* AshipTests.m */; };
		D148D8CB1A049D9C00EF2CD1 /* FacebookSDK.framework in Frameworks */ = {isa = PBXBuildFile; fileRef = D148D8CA1A049D9C00EF2CD1 /* FacebookSDK.framework */; };
		D1E5EEA81A04A7B800507D69 /* logo.png in Resources */ = {isa = PBXBuildFile; fileRef = D1E5EEA71A04A7B800507D69 /* logo.png */; };
/* End PBXBuildFile section */

/* Begin PBXContainerItemProxy section */
		D148D8BB1A049D4100EF2CD1 /* PBXContainerItemProxy */ = {
			isa = PBXContainerItemProxy;
			containerPortal = D148D8991A049D4100EF2CD1 /* Project object */;
			proxyType = 1;
			remoteGlobalIDString = D148D8A01A049D4100EF2CD1;
			remoteInfo = Aship;
		};
/* End PBXContainerItemProxy section */

/* Begin PBXFileReference section */
		D148D8A11A049D4100EF2CD1 /* Aship.app */ = {isa = PBXFileReference; explicitFileType = wrapper.application; includeInIndex = 0; path = Aship.app; sourceTree = BUILT_PRODUCTS_DIR; };
		D148D8A51A049D4100EF2CD1 /* Info.plist */ = {isa = PBXFileReference; lastKnownFileType = text.plist.xml; path = Info.plist; sourceTree = "<group>"; };
		D148D8A61A049D4100EF2CD1 /* main.m */ = {isa = PBXFileReference; lastKnownFileType = sourcecode.c.objc; path = main.m; sourceTree = "<group>"; };
		D148D8A81A049D4100EF2CD1 /* AppDelegate.h */ = {isa = PBXFileReference; lastKnownFileType = sourcecode.c.h; path = AppDelegate.h; sourceTree = "<group>"; };
		D148D8A91A049D4100EF2CD1 /* AppDelegate.m */ = {isa = PBXFileReference; lastKnownFileType = sourcecode.c.objc; path = AppDelegate.m; sourceTree = "<group>"; };
		D148D8AB1A049D4100EF2CD1 /* ViewController.h */ = {isa = PBXFileReference; lastKnownFileType = sourcecode.c.h; path = ViewController.h; sourceTree = "<group>"; };
		D148D8AC1A049D4100EF2CD1 /* ViewController.m */ = {isa = PBXFileReference; lastKnownFileType = sourcecode.c.objc; path = ViewController.m; sourceTree = "<group>"; };
		D148D8B11A049D4100EF2CD1 /* Images.xcassets */ = {isa = PBXFileReference; lastKnownFileType = folder.assetcatalog; path = Images.xcassets; sourceTree = "<group>"; };
		D148D8B41A049D4100EF2CD1 /* Base */ = {isa = PBXFileReference; lastKnownFileType = file.xib; name = Base; path = Base.lproj/LaunchScreen.xib; sourceTree = "<group>"; };
		D148D8BA1A049D4100EF2CD1 /* AshipTests.xctest */ = {isa = PBXFileReference; explicitFileType = wrapper.cfbundle; includeInIndex = 0; path = AshipTests.xctest; sourceTree = BUILT_PRODUCTS_DIR; };
		D148D8BF1A049D4100EF2CD1 /* Info.plist */ = {isa = PBXFileReference; lastKnownFileType = text.plist.xml; path = Info.plist; sourceTree = "<group>"; };
		D148D8C01A049D4100EF2CD1 /* AshipTests.m */ = {isa = PBXFileReference; lastKnownFileType = sourcecode.c.objc; path = AshipTests.m; sourceTree = "<group>"; };
		D148D8CA1A049D9C00EF2CD1 /* FacebookSDK.framework */ = {isa = PBXFileReference; lastKnownFileType = wrapper.framework; name = FacebookSDK.framework; path = ../../../Documents/FacebookSDK/FacebookSDK.framework; sourceTree = "<group>"; };
		D1E5EEA71A04A7B800507D69 /* logo.png */ = {isa = PBXFileReference; lastKnownFileType = image.png; path = logo.png; sourceTree = "<group>"; };
/* End PBXFileReference section */

/* Begin PBXFrameworksBuildPhase section */
		D148D89E1A049D4100EF2CD1 /* Frameworks */ = {
			isa = PBXFrameworksBuildPhase;
			buildActionMask = 2147483647;
			files = (
				D148D8CB1A049D9C00EF2CD1 /* FacebookSDK.framework in Frameworks */,
			);
			runOnlyForDeploymentPostprocessing = 0;
		};
		D148D8B71A049D4100EF2CD1 /* Frameworks */ = {
			isa = PBXFrameworksBuildPhase;
			buildActionMask = 2147483647;
			files = (
			);
			runOnlyForDeploymentPostprocessing = 0;
		};
/* End PBXFrameworksBuildPhase section */

/* Begin PBXGroup section */
		D148D8981A049D4100EF2CD1 = {
			isa = PBXGroup;
			children = (
				D148D8A31A049D4100EF2CD1 /* Aship */,
				D148D8BD1A049D4100EF2CD1 /* AshipTests */,
				D148D8A21A049D4100EF2CD1 /* Products */,
				D148D8CA1A049D9C00EF2CD1 /* FacebookSDK.framework */,
			);
			sourceTree = "<group>";
		};
		D148D8A21A049D4100EF2CD1 /* Products */ = {
			isa = PBXGroup;
			children = (
				D148D8A11A049D4100EF2CD1 /* Aship.app */,
				D148D8BA1A049D4100EF2CD1 /* AshipTests.xctest */,
			);
			name = Products;
			sourceTree = "<group>";
		};
		D148D8A31A049D4100EF2CD1 /* Aship */ = {
			isa = PBXGroup;
			children = (
				D148D8A81A049D4100EF2CD1 /* AppDelegate.h */,
				D148D8A91A049D4100EF2CD1 /* AppDelegate.m */,
				D148D8AB1A049D4100EF2CD1 /* ViewController.h */,
				D148D8AC1A049D4100EF2CD1 /* ViewController.m */,
				D148D8B11A049D4100EF2CD1 /* Images.xcassets */,
				D148D8B31A049D4100EF2CD1 /* LaunchScreen.xib */,
				D148D8A41A049D4100EF2CD1 /* Supporting Files */,
			);
			path = Aship;
			sourceTree = "<group>";
		};
		D148D8A41A049D4100EF2CD1 /* Supporting Files */ = {
			isa = PBXGroup;
			children = (
				D148D8A51A049D4100EF2CD1 /* Info.plist */,
				D1E5EEA71A04A7B800507D69 /* logo.png */,
				D148D8A61A049D4100EF2CD1 /* main.m */,
			);
			name = "Supporting Files";
			sourceTree = "<group>";
		};
		D148D8BD1A049D4100EF2CD1 /* AshipTests */ = {
			isa = PBXGroup;
			children = (
				D148D8C01A049D4100EF2CD1 /* AshipTests.m */,
				D148D8BE1A049D4100EF2CD1 /* Supporting Files */,
			);
			path = AshipTests;
			sourceTree = "<group>";
		};
		D148D8BE1A049D4100EF2CD1 /* Supporting Files */ = {
			isa = PBXGroup;
			children = (
				D148D8BF1A049D4100EF2CD1 /* Info.plist */,
			);
			name = "Supporting Files";
			sourceTree = "<group>";
		};
/* End PBXGroup section */

/* Begin PBXNativeTarget section */
		D148D8A01A049D4100EF2CD1 /* Aship */ = {
			isa = PBXNativeTarget;
			buildConfigurationList = D148D8C41A049D4100EF2CD1 /* Build configuration list for PBXNativeTarget "Aship" */;
			buildPhases = (
				D148D89D1A049D4100EF2CD1 /* Sources */,
				D148D89E1A049D4100EF2CD1 /* Frameworks */,
				D148D89F1A049D4100EF2CD1 /* Resources */,
			);
			buildRules = (
			);
			dependencies = (
			);
			name = Aship;
			productName = Aship;
			productReference = D148D8A11A049D4100EF2CD1 /* Aship.app */;
			productType = "com.apple.product-type.application";
		};
		D148D8B91A049D4100EF2CD1 /* AshipTests */ = {
			isa = PBXNativeTarget;
			buildConfigurationList = D148D8C71A049D4100EF2CD1 /* Build configuration list for PBXNativeTarget "AshipTests" */;
			buildPhases = (
				D148D8B61A049D4100EF2CD1 /* Sources */,
				D148D8B71A049D4100EF2CD1 /* Frameworks */,
				D148D8B81A049D4100EF2CD1 /* Resources */,
			);
			buildRules = (
			);
			dependencies = (
				D148D8BC1A049D4100EF2CD1 /* PBXTargetDependency */,
			);
			name = AshipTests;
			productName = AshipTests;
			productReference = D148D8BA1A049D4100EF2CD1 /* AshipTests.xctest */;
			productType = "com.apple.product-type.bundle.unit-test";
		};
/* End PBXNativeTarget section */

/* Begin PBXProject section */
		D148D8991A049D4100EF2CD1 /* Project object */ = {
			isa = PBXProject;
			attributes = {
				LastUpgradeCheck = 0610;
				ORGANIZATIONNAME = Ship;
				TargetAttributes = {
					D148D8A01A049D4100EF2CD1 = {
						CreatedOnToolsVersion = 6.1;
					};
					D148D8B91A049D4100EF2CD1 = {
						CreatedOnToolsVersion = 6.1;
						TestTargetID = D148D8A01A049D4100EF2CD1;
					};
				};
			};
			buildConfigurationList = D148D89C1A049D4100EF2CD1 /* Build configuration list for PBXProject "Aship" */;
			compatibilityVersion = "Xcode 3.2";
			developmentRegion = English;
			hasScannedForEncodings = 0;
			knownRegions = (
				en,
				Base,
			);
			mainGroup = D148D8981A049D4100EF2CD1;
			productRefGroup = D148D8A21A049D4100EF2CD1 /* Products */;
			projectDirPath = "";
			projectRoot = "";
			targets = (
				D148D8A01A049D4100EF2CD1 /* Aship */,
				D148D8B91A049D4100EF2CD1 /* AshipTests */,
			);
		};
/* End PBXProject section */

/* Begin PBXResourcesBuildPhase section */
		D148D89F1A049D4100EF2CD1 /* Resources */ = {
			isa = PBXResourcesBuildPhase;
			buildActionMask = 2147483647;
			files = (
				D1E5EEA81A04A7B800507D69 /* logo.png in Resources */,
				D148D8B51A049D4100EF2CD1 /* LaunchScreen.xib in Resources */,
				D148D8B21A049D4100EF2CD1 /* Images.xcassets in Resources */,
			);
			runOnlyForDeploymentPostprocessing = 0;
		};
		D148D8B81A049D4100EF2CD1 /* Resources */ = {
			isa = PBXResourcesBuildPhase;
			buildActionMask = 2147483647;
			files = (
			);
			runOnlyForDeploymentPostprocessing = 0;
		};
/* End PBXResourcesBuildPhase section */

/* Begin PBXSourcesBuildPhase section */
		D148D89D1A049D4100EF2CD1 /* Sources */ = {
			isa = PBXSourcesBuildPhase;
			buildActionMask = 2147483647;
			files = (
				D148D8AD1A049D4100EF2CD1 /* ViewController.m in Sources */,
				D148D8AA1A049D4100EF2CD1 /* AppDelegate.m in Sources */,
				D148D8A71A049D4100EF2CD1 /* main.m in Sources */,
			);
			runOnlyForDeploymentPostprocessing = 0;
		};
		D148D8B61A049D4100EF2CD1 /* Sources */ = {
			isa = PBXSourcesBuildPhase;
			buildActionMask = 2147483647;
			files = (
				D148D8C11A049D4100EF2CD1 /* AshipTests.m in Sources */,
			);
			runOnlyForDeploymentPostprocessing = 0;
		};
/* End PBXSourcesBuildPhase section */

/* Begin PBXTargetDependency section */
		D148D8BC1A049D4100EF2CD1 /* PBXTargetDependency */ = {
			isa = PBXTargetDependency;
			target = D148D8A01A049D4100EF2CD1 /* Aship */;
			targetProxy = D148D8BB1A049D4100EF2CD1 /* PBXContainerItemProxy */;
		};
/* End PBXTargetDependency section */

/* Begin PBXVariantGroup section */
		D148D8B31A049D4100EF2CD1 /* LaunchScreen.xib */ = {
			isa = PBXVariantGroup;
			children = (
				D148D8B41A049D4100EF2CD1 /* Base */,
			);
			name = LaunchScreen.xib;
			sourceTree = "<group>";
		};
/* End PBXVariantGroup section */

/* Begin XCBuildConfiguration section */
		D148D8C21A049D4100EF2CD1 /* Debug */ = {
			isa = XCBuildConfiguration;
			buildSettings = {
				ALWAYS_SEARCH_USER_PATHS = NO;
				CLANG_CXX_LANGUAGE_STANDARD = "gnu++0x";
				CLANG_CXX_LIBRARY = "libc++";
				CLANG_ENABLE_MODULES = YES;
				CLANG_ENABLE_OBJC_ARC = YES;
				CLANG_WARN_BOOL_CONVERSION = YES;
				CLANG_WARN_CONSTANT_CONVERSION = YES;
				CLANG_WARN_DIRECT_OBJC_ISA_USAGE = YES_ERROR;
				CLANG_WARN_EMPTY_BODY = YES;
				CLANG_WARN_ENUM_CONVERSION = YES;
				CLANG_WARN_INT_CONVERSION = YES;
				CLANG_WARN_OBJC_ROOT_CLASS = YES_ERROR;
				CLANG_WARN_UNREACHABLE_CODE = YES;
				CLANG_WARN__DUPLICATE_METHOD_MATCH = YES;
				"CODE_SIGN_IDENTITY[sdk=iphoneos*]" = "iPhone Developer";
				COPY_PHASE_STRIP = NO;
				ENABLE_STRICT_OBJC_MSGSEND = YES;
				GCC_C_LANGUAGE_STANDARD = gnu99;
				GCC_DYNAMIC_NO_PIC = NO;
				GCC_OPTIMIZATION_LEVEL = 0;
				GCC_PREPROCESSOR_DEFINITIONS = (
					"DEBUG=1",
					"$(inherited)",
				);
				GCC_SYMBOLS_PRIVATE_EXTERN = NO;
				GCC_WARN_64_TO_32_BIT_CONVERSION = YES;
				GCC_WARN_ABOUT_RETURN_TYPE = YES_ERROR;
				GCC_WARN_UNDECLARED_SELECTOR = YES;
				GCC_WARN_UNINITIALIZED_AUTOS = YES_AGGRESSIVE;
				GCC_WARN_UNUSED_FUNCTION = YES;
				GCC_WARN_UNUSED_VARIABLE = YES;
				IPHONEOS_DEPLOYMENT_TARGET = 8.1;
				MTL_ENABLE_DEBUG_INFO = YES;
				ONLY_ACTIVE_ARCH = YES;
				SDKROOT = iphoneos;
				TARGETED_DEVICE_FAMILY = "1,2";
			};
			name = Debug;
		};
		D148D8C31A049D4100EF2CD1 /* Release */ = {
			isa = XCBuildConfiguration;
			buildSettings = {
				ALWAYS_SEARCH_USER_PATHS = NO;
				CLANG_CXX_LANGUAGE_STANDARD = "gnu++0x";
				CLANG_CXX_LIBRARY = "libc++";
				CLANG_ENABLE_MODULES = YES;
				CLANG_ENABLE_OBJC_ARC = YES;
				CLANG_WARN_BOOL_CONVERSION = YES;
				CLANG_WARN_CONSTANT_CONVERSION = YES;
				CLANG_WARN_DIRECT_OBJC_ISA_USAGE = YES_ERROR;
				CLANG_WARN_EMPTY_BODY = YES;
				CLANG_WARN_ENUM_CONVERSION = YES;
				CLANG_WARN_INT_CONVERSION = YES;
				CLANG_WARN_OBJC_ROOT_CLASS = YES_ERROR;
				CLANG_WARN_UNREACHABLE_CODE = YES;
				CLANG_WARN__DUPLICATE_METHOD_MATCH = YES;
				"CODE_SIGN_IDENTITY[sdk=iphoneos*]" = "iPhone Developer";
				COPY_PHASE_STRIP = YES;
				ENABLE_NS_ASSERTIONS = NO;
				ENABLE_STRICT_OBJC_MSGSEND = YES;
				GCC_C_LANGUAGE_STANDARD = gnu99;
				GCC_WARN_64_TO_32_BIT_CONVERSION = YES;
				GCC_WARN_ABOUT_RETURN_TYPE = YES_ERROR;
				GCC_WARN_UNDECLARED_SELECTOR = YES;
				GCC_WARN_UNINITIALIZED_AUTOS = YES_AGGRESSIVE;
				GCC_WARN_UNUSED_FUNCTION = YES;
				GCC_WARN_UNUSED_VARIABLE = YES;
				IPHONEOS_DEPLOYMENT_TARGET = 8.1;
				MTL_ENABLE_DEBUG_INFO = NO;
				SDKROOT = iphoneos;
				TARGETED_DEVICE_FAMILY = "1,2";
				VALIDATE_PRODUCT = YES;
			};
			name = Release;
		};
		D148D8C51A049D4100EF2CD1 /* Debug */ = {
			isa = XCBuildConfiguration;
			buildSettings = {
				ASSETCATALOG_COMPILER_APPICON_NAME = AppIcon;
				FRAMEWORK_SEARCH_PATHS = (
					"$(inherited)",
					/Users/Annie/Documents/FacebookSDK,
				);
				INFOPLIST_FILE = Aship/Info.plist;
				LD_RUNPATH_SEARCH_PATHS = "$(inherited) @executable_path/Frameworks";
				PRODUCT_NAME = "$(TARGET_NAME)";
			};
			name = Debug;
		};
		D148D8C61A049D4100EF2CD1 /* Release */ = {
			isa = XCBuildConfiguration;
			buildSettings = {
				ASSETCATALOG_COMPILER_APPICON_NAME = AppIcon;
				FRAMEWORK_SEARCH_PATHS = (
					"$(inherited)",
					/Users/Annie/Documents/FacebookSDK,
				);
				INFOPLIST_FILE = Aship/Info.plist;
				LD_RUNPATH_SEARCH_PATHS = "$(inherited) @executable_path/Frameworks";
				PRODUCT_NAME = "$(TARGET_NAME)";
			};
			name = Release;
		};
		D148D8C81A049D4100EF2CD1 /* Debug */ = {
			isa = XCBuildConfiguration;
			buildSettings = {
				BUNDLE_LOADER = "$(TEST_HOST)";
				FRAMEWORK_SEARCH_PATHS = (
					"$(SDKROOT)/Developer/Library/Frameworks",
					"$(inherited)",
				);
				GCC_PREPROCESSOR_DEFINITIONS = (
					"DEBUG=1",
					"$(inherited)",
				);
				INFOPLIST_FILE = AshipTests/Info.plist;
				LD_RUNPATH_SEARCH_PATHS = "$(inherited) @executable_path/Frameworks @loader_path/Frameworks";
				PRODUCT_NAME = "$(TARGET_NAME)";
				TEST_HOST = "$(BUILT_PRODUCTS_DIR)/Aship.app/Aship";
			};
			name = Debug;
		};
		D148D8C91A049D4100EF2CD1 /* Release */ = {
			isa = XCBuildConfiguration;
			buildSettings = {
				BUNDLE_LOADER = "$(TEST_HOST)";
				FRAMEWORK_SEARCH_PATHS = (
					"$(SDKROOT)/Developer/Library/Frameworks",
					"$(inherited)",
				);
				INFOPLIST_FILE = AshipTests/Info.plist;
				LD_RUNPATH_SEARCH_PATHS = "$(inherited) @executable_path/Frameworks @loader_path/Frameworks";
				PRODUCT_NAME = "$(TARGET_NAME)";
				TEST_HOST = "$(BUILT_PRODUCTS_DIR)/Aship.app/Aship";
			};
			name = Release;
		};
/* End XCBuildConfiguration section */

/* Begin XCConfigurationList section */
		D148D89C1A049D4100EF2CD1 /* Build configuration list for PBXProject "Aship" */ = {
			isa = XCConfigurationList;
			buildConfigurations = (
				D148D8C21A049D4100EF2CD1 /* Debug */,
				D148D8C31A049D4100EF2CD1 /* Release */,
			);
			defaultConfigurationIsVisible = 0;
			defaultConfigurationName = Release;
		};
		D148D8C41A049D4100EF2CD1 /* Build configuration list for PBXNativeTarget "Aship" */ = {
			isa = XCConfigurationList;
			buildConfigurations = (
				D148D8C51A049D4100EF2CD1 /* Debug */,
				D148D8C61A049D4100EF2CD1 /* Release */,
			);
			defaultConfigurationIsVisible = 0;
			defaultConfigurationName = Release;
		};
		D148D8C71A049D4100EF2CD1 /* Build configuration list for PBXNativeTarget "AshipTests" */ = {
			isa = XCConfigurationList;
			buildConfigurations = (
				D148D8C81A049D4100EF2CD1 /* Debug */,
				D148D8C91A049D4100EF2CD1 /* Release */,
			);
			defaultConfigurationIsVisible = 0;
			defaultConfigurationName = Release;
		};
/* End XCConfigurationList section */
	};
	rootObject = D148D8991A049D4100EF2CD1 /* Project object */;
}
